
Microsoft Visual Studio Solution File, Format Version 12.00
# Visual Studio 15
VisualStudioVersion = 15.0.28010.2036
MinimumVisualStudioVersion = 10.0.40219.1
Project("{FAE04EC0-301F-11D3-BF4B-00C04F79EFBC}") = "EShope.Android", "EShope\EShope.Android\EShope.Android.csproj", "{83D7DE80-A552-46CB-945C-F3D10AF2C5E5}"
EndProject
Project("{FAE04EC0-301F-11D3-BF4B-00C04F79EFBC}") = "EShope.iOS", "EShope\EShope.iOS\EShope.iOS.csproj", "{3238A0BA-43B5-4AD6-970F-8125B623FA05}"
EndProject
Project("{9A19103F-16F7-4668-BE54-9A1E7A4F7556}") = "EShope", "EShope\EShope\EShope.csproj", "{6865F333-3BF9-48BA-9C24-754038D12F66}"
EndProject
Project("{2150E333-8FDC-42A3-9474-1A3956D46DE8}") = "MobileApp", "MobileApp", "{06B9CBE1-3E47-4015-B7CD-9B17BD6904A9}"
EndProject
Project("{2150E333-8FDC-42A3-9474-1A3956D46DE8}") = "MobileAPI", "MobileAPI", "{B172667F-A152-400F-8E94-4A80EE5096BD}"
EndProject
Project("{2150E333-8FDC-42A3-9474-1A3956D46DE8}") = "WebPortals", "WebPortals", "{BCBFAF5F-D8B1-4CEA-8440-0D26D8DCFFE2}"
EndProject
Project("{9A19103F-16F7-4668-BE54-9A1E7A4F7556}") = "EShope.Admin", "WebPortals\EShope.Admin\EShope.Admin.csproj", "{C70123FA-77FE-4465-BBEE-29425D9B63B5}"
EndProject
Project("{2150E333-8FDC-42A3-9474-1A3956D46DE8}") = "Services", "Services", "{D6635094-B40C-4CDE-AB7F-9FA11935E645}"
EndProject
Project("{9A19103F-16F7-4668-BE54-9A1E7A4F7556}") = "EShope.Service", "Services\EShope.Service\EShope.Service.csproj", "{215B8AFF-0F78-4BDE-8D3E-A446F0E8607B}"
EndProject
Project("{FAE04EC0-301F-11D3-BF4B-00C04F79EFBC}") = "EShope.API", "EShope.API\EShope.API.csproj", "{DAF4819E-C195-469E-8685-6652CAE15225}"
EndProject
Project("{9A19103F-16F7-4668-BE54-9A1E7A4F7556}") = "EShope.CoreAPIApp", "MobileAPI\EShope.CoreAPIApp\EShope.CoreAPIApp.csproj", "{BBA7FAAC-A23A-48C6-94AC-20DCF44BA227}"
EndProject
Project("{FAE04EC0-301F-11D3-BF4B-00C04F79EFBC}") = "EShope.APIApp", "MobileAPI\EShope.APIApp\EShope.APIApp.csproj", "{A380708C-C8C7-46A6-9090-F1FE15EB27FE}"
EndProject
Project("{FAE04EC0-301F-11D3-BF4B-00C04F79EFBC}") = "EShope.MobileAPIApp", "MobileAPI\EShope.MobileAPIApp\EShope.MobileAPIApp.csproj", "{A7AFD9B2-478D-4326-9ED7-70E3F624689A}"
EndProject
Global
	GlobalSection(SolutionConfigurationPlatforms) = preSolution
		Ad-Hoc|Any CPU = Ad-Hoc|Any CPU
		Ad-Hoc|iPhone = Ad-Hoc|iPhone
		Ad-Hoc|iPhoneSimulator = Ad-Hoc|iPhoneSimulator
		AppStore|Any CPU = AppStore|Any CPU
		AppStore|iPhone = AppStore|iPhone
		AppStore|iPhoneSimulator = AppStore|iPhoneSimulator
		Debug|Any CPU = Debug|Any CPU
		Debug|iPhone = Debug|iPhone
		Debug|iPhoneSimulator = Debug|iPhoneSimulator
		Release|Any CPU = Release|Any CPU
		Release|iPhone = Release|iPhone
		Release|iPhoneSimulator = Release|iPhoneSimulator
	EndGlobalSection
	GlobalSection(ProjectConfigurationPlatforms) = postSolution
		{83D7DE80-A552-46CB-945C-F3D10AF2C5E5}.Ad-Hoc|Any CPU.ActiveCfg = Release|Any CPU
		{83D7DE80-A552-46CB-945C-F3D10AF2C5E5}.Ad-Hoc|Any CPU.Build.0 = Release|Any CPU
		{83D7DE80-A552-46CB-945C-F3D10AF2C5E5}.Ad-Hoc|Any CPU.Deploy.0 = Release|Any CPU
		{83D7DE80-A552-46CB-945C-F3D10AF2C5E5}.Ad-Hoc|iPhone.ActiveCfg = Release|Any CPU
		{83D7DE80-A552-46CB-945C-F3D10AF2C5E5}.Ad-Hoc|iPhone.Build.0 = Release|Any CPU
		{83D7DE80-A552-46CB-945C-F3D10AF2C5E5}.Ad-Hoc|iPhone.Deploy.0 = Release|Any CPU
		{83D7DE80-A552-46CB-945C-F3D10AF2C5E5}.Ad-Hoc|iPhoneSimulator.ActiveCfg = Release|Any CPU
		{83D7DE80-A552-46CB-945C-F3D10AF2C5E5}.Ad-Hoc|iPhoneSimulator.Build.0 = Release|Any CPU
		{83D7DE80-A552-46CB-945C-F3D10AF2C5E5}.Ad-Hoc|iPhoneSimulator.Deploy.0 = Release|Any CPU
		{83D7DE80-A552-46CB-945C-F3D10AF2C5E5}.AppStore|Any CPU.ActiveCfg = Release|Any CPU
		{83D7DE80-A552-46CB-945C-F3D10AF2C5E5}.AppStore|Any CPU.Build.0 = Release|Any CPU
		{83D7DE80-A552-46CB-945C-F3D10AF2C5E5}.AppStore|Any CPU.Deploy.0 = Release|Any CPU
		{83D7DE80-A552-46CB-945C-F3D10AF2C5E5}.AppStore|iPhone.ActiveCfg = Release|Any CPU
		{83D7DE80-A552-46CB-945C-F3D10AF2C5E5}.AppStore|iPhone.Build.0 = Release|Any CPU
		{83D7DE80-A552-46CB-945C-F3D10AF2C5E5}.AppStore|iPhone.Deploy.0 = Release|Any CPU
		{83D7DE80-A552-46CB-945C-F3D10AF2C5E5}.AppStore|iPhoneSimulator.ActiveCfg = Release|Any CPU
		{83D7DE80-A552-46CB-945C-F3D10AF2C5E5}.AppStore|iPhoneSimulator.Build.0 = Release|Any CPU
		{83D7DE80-A552-46CB-945C-F3D10AF2C5E5}.AppStore|iPhoneSimulator.Deploy.0 = Release|Any CPU
		{83D7DE80-A552-46CB-945C-F3D10AF2C5E5}.Debug|Any CPU.ActiveCfg = Debug|Any CPU
		{83D7DE80-A552-46CB-945C-F3D10AF2C5E5}.Debug|Any CPU.Build.0 = Debug|Any CPU
		{83D7DE80-A552-46CB-945C-F3D10AF2C5E5}.Debug|Any CPU.Deploy.0 = Debug|Any CPU
		{83D7DE80-A552-46CB-945C-F3D10AF2C5E5}.Debug|iPhone.ActiveCfg = Debug|Any CPU
		{83D7DE80-A552-46CB-945C-F3D10AF2C5E5}.Debug|iPhone.Build.0 = Debug|Any CPU
		{83D7DE80-A552-46CB-945C-F3D10AF2C5E5}.Debug|iPhone.Deploy.0 = Debug|Any CPU
		{83D7DE80-A552-46CB-945C-F3D10AF2C5E5}.Debug|iPhoneSimulator.ActiveCfg = Debug|Any CPU
		{83D7DE80-A552-46CB-945C-F3D10AF2C5E5}.Debug|iPhoneSimulator.Build.0 = Debug|Any CPU
		{83D7DE80-A552-46CB-945C-F3D10AF2C5E5}.Debug|iPhoneSimulator.Deploy.0 = Debug|Any CPU
		{83D7DE80-A552-46CB-945C-F3D10AF2C5E5}.Release|Any CPU.ActiveCfg = Release|Any CPU
		{83D7DE80-A552-46CB-945C-F3D10AF2C5E5}.Release|Any CPU.Build.0 = Release|Any CPU
		{83D7DE80-A552-46CB-945C-F3D10AF2C5E5}.Release|Any CPU.Deploy.0 = Release|Any CPU
		{83D7DE80-A552-46CB-945C-F3D10AF2C5E5}.Release|iPhone.ActiveCfg = Release|Any CPU
		{83D7DE80-A552-46CB-945C-F3D10AF2C5E5}.Release|iPhone.Build.0 = Release|Any CPU
		{83D7DE80-A552-46CB-945C-F3D10AF2C5E5}.Release|iPhone.Deploy.0 = Release|Any CPU
		{83D7DE80-A552-46CB-945C-F3D10AF2C5E5}.Release|iPhoneSimulator.ActiveCfg = Release|Any CPU
		{83D7DE80-A552-46CB-945C-F3D10AF2C5E5}.Release|iPhoneSimulator.Build.0 = Release|Any CPU
		{83D7DE80-A552-46CB-945C-F3D10AF2C5E5}.Release|iPhoneSimulator.Deploy.0 = Release|Any CPU
		{3238A0BA-43B5-4AD6-970F-8125B623FA05}.Ad-Hoc|Any CPU.ActiveCfg = Ad-Hoc|iPhone
		{3238A0BA-43B5-4AD6-970F-8125B623FA05}.Ad-Hoc|Any CPU.Build.0 = Ad-Hoc|iPhone
		{3238A0BA-43B5-4AD6-970F-8125B623FA05}.Ad-Hoc|Any CPU.Deploy.0 = Ad-Hoc|iPhone
		{3238A0BA-43B5-4AD6-970F-8125B623FA05}.Ad-Hoc|iPhone.ActiveCfg = Ad-Hoc|iPhone
		{3238A0BA-43B5-4AD6-970F-8125B623FA05}.Ad-Hoc|iPhone.Build.0 = Ad-Hoc|iPhone
		{3238A0BA-43B5-4AD6-970F-8125B623FA05}.Ad-Hoc|iPhone.Deploy.0 = Ad-Hoc|iPhone
		{3238A0BA-43B5-4AD6-970F-8125B623FA05}.Ad-Hoc|iPhoneSimulator.ActiveCfg = Ad-Hoc|iPhoneSimulator
		{3238A0BA-43B5-4AD6-970F-8125B623FA05}.Ad-Hoc|iPhoneSimulator.Build.0 = Ad-Hoc|iPhoneSimulator
		{3238A0BA-43B5-4AD6-970F-8125B623FA05}.Ad-Hoc|iPhoneSimulator.Deploy.0 = Ad-Hoc|iPhoneSimulator
		{3238A0BA-43B5-4AD6-970F-8125B623FA05}.AppStore|Any CPU.ActiveCfg = AppStore|iPhone
		{3238A0BA-43B5-4AD6-970F-8125B623FA05}.AppStore|Any CPU.Build.0 = AppStore|iPhone
		{3238A0BA-43B5-4AD6-970F-8125B623FA05}.AppStore|Any CPU.Deploy.0 = AppStore|iPhone
		{3238A0BA-43B5-4AD6-970F-8125B623FA05}.AppStore|iPhone.ActiveCfg = AppStore|iPhone
		{3238A0BA-43B5-4AD6-970F-8125B623FA05}.AppStore|iPhone.Build.0 = AppStore|iPhone
		{3238A0BA-43B5-4AD6-970F-8125B623FA05}.AppStore|iPhone.Deploy.0 = AppStore|iPhone
		{3238A0BA-43B5-4AD6-970F-8125B623FA05}.AppStore|iPhoneSimulator.ActiveCfg = AppStore|iPhoneSimulator
		{3238A0BA-43B5-4AD6-970F-8125B623FA05}.AppStore|iPhoneSimulator.Build.0 = AppStore|iPhoneSimulator
		{3238A0BA-43B5-4AD6-970F-8125B623FA05}.AppStore|iPhoneSimulator.Deploy.0 = AppStore|iPhoneSimulator
		{3238A0BA-43B5-4AD6-970F-8125B623FA05}.Debug|Any CPU.ActiveCfg = Debug|iPhoneSimulator
		{3238A0BA-43B5-4AD6-970F-8125B623FA05}.Debug|Any CPU.Build.0 = Debug|iPhoneSimulator
		{3238A0BA-43B5-4AD6-970F-8125B623FA05}.Debug|Any CPU.Deploy.0 = Debug|iPhoneSimulator
		{3238A0BA-43B5-4AD6-970F-8125B623FA05}.Debug|iPhone.ActiveCfg = Debug|iPhone
		{3238A0BA-43B5-4AD6-970F-8125B623FA05}.Debug|iPhone.Build.0 = Debug|iPhone
		{3238A0BA-43B5-4AD6-970F-8125B623FA05}.Debug|iPhone.Deploy.0 = Debug|iPhone
		{3238A0BA-43B5-4AD6-970F-8125B623FA05}.Debug|iPhoneSimulator.ActiveCfg = Debug|iPhoneSimulator
		{3238A0BA-43B5-4AD6-970F-8125B623FA05}.Debug|iPhoneSimulator.Build.0 = Debug|iPhoneSimulator
		{3238A0BA-43B5-4AD6-970F-8125B623FA05}.Debug|iPhoneSimulator.Deploy.0 = Debug|iPhoneSimulator
		{3238A0BA-43B5-4AD6-970F-8125B623FA05}.Release|Any CPU.ActiveCfg = Release|iPhone
		{3238A0BA-43B5-4AD6-970F-8125B623FA05}.Release|Any CPU.Build.0 = Release|iPhone
		{3238A0BA-43B5-4AD6-970F-8125B623FA05}.Release|Any CPU.Deploy.0 = Release|iPhone
		{3238A0BA-43B5-4AD6-970F-8125B623FA05}.Release|iPhone.ActiveCfg = Release|iPhone
		{3238A0BA-43B5-4AD6-970F-8125B623FA05}.Release|iPhone.Build.0 = Release|iPhone
		{3238A0BA-43B5-4AD6-970F-8125B623FA05}.Release|iPhone.Deploy.0 = Release|iPhone
		{3238A0BA-43B5-4AD6-970F-8125B623FA05}.Release|iPhoneSimulator.ActiveCfg = Release|iPhoneSimulator
		{3238A0BA-43B5-4AD6-970F-8125B623FA05}.Release|iPhoneSimulator.Build.0 = Release|iPhoneSimulator
		{3238A0BA-43B5-4AD6-970F-8125B623FA05}.Release|iPhoneSimulator.Deploy.0 = Release|iPhoneSimulator
		{6865F333-3BF9-48BA-9C24-754038D12F66}.Ad-Hoc|Any CPU.ActiveCfg = Debug|Any CPU
		{6865F333-3BF9-48BA-9C24-754038D12F66}.Ad-Hoc|Any CPU.Build.0 = Debug|Any CPU
		{6865F333-3BF9-48BA-9C24-754038D12F66}.Ad-Hoc|Any CPU.Deploy.0 = Debug|Any CPU
		{6865F333-3BF9-48BA-9C24-754038D12F66}.Ad-Hoc|iPhone.ActiveCfg = Debug|Any CPU
		{6865F333-3BF9-48BA-9C24-754038D12F66}.Ad-Hoc|iPhone.Build.0 = Debug|Any CPU
		{6865F333-3BF9-48BA-9C24-754038D12F66}.Ad-Hoc|iPhone.Deploy.0 = Debug|Any CPU
		{6865F333-3BF9-48BA-9C24-754038D12F66}.Ad-Hoc|iPhoneSimulator.ActiveCfg = Debug|Any CPU
		{6865F333-3BF9-48BA-9C24-754038D12F66}.Ad-Hoc|iPhoneSimulator.Build.0 = Debug|Any CPU
		{6865F333-3BF9-48BA-9C24-754038D12F66}.Ad-Hoc|iPhoneSimulator.Deploy.0 = Debug|Any CPU
		{6865F333-3BF9-48BA-9C24-754038D12F66}.AppStore|Any CPU.ActiveCfg = Debug|Any CPU
		{6865F333-3BF9-48BA-9C24-754038D12F66}.AppStore|Any CPU.Build.0 = Debug|Any CPU
		{6865F333-3BF9-48BA-9C24-754038D12F66}.AppStore|Any CPU.Deploy.0 = Debug|Any CPU
		{6865F333-3BF9-48BA-9C24-754038D12F66}.AppStore|iPhone.ActiveCfg = Debug|Any CPU
		{6865F333-3BF9-48BA-9C24-754038D12F66}.AppStore|iPhone.Build.0 = Debug|Any CPU
		{6865F333-3BF9-48BA-9C24-754038D12F66}.AppStore|iPhone.Deploy.0 = Debug|Any CPU
		{6865F333-3BF9-48BA-9C24-754038D12F66}.AppStore|iPhoneSimulator.ActiveCfg = Debug|Any CPU
		{6865F333-3BF9-48BA-9C24-754038D12F66}.AppStore|iPhoneSimulator.Build.0 = Debug|Any CPU
		{6865F333-3BF9-48BA-9C24-754038D12F66}.AppStore|iPhoneSimulator.Deploy.0 = Debug|Any CPU
		{6865F333-3BF9-48BA-9C24-754038D12F66}.Debug|Any CPU.ActiveCfg = Debug|Any CPU
		{6865F333-3BF9-48BA-9C24-754038D12F66}.Debug|Any CPU.Build.0 = Debug|Any CPU
		{6865F333-3BF9-48BA-9C24-754038D12F66}.Debug|Any CPU.Deploy.0 = Debug|Any CPU
		{6865F333-3BF9-48BA-9C24-754038D12F66}.Debug|iPhone.ActiveCfg = Debug|Any CPU
		{6865F333-3BF9-48BA-9C24-754038D12F66}.Debug|iPhone.Build.0 = Debug|Any CPU
		{6865F333-3BF9-48BA-9C24-754038D12F66}.Debug|iPhone.Deploy.0 = Debug|Any CPU
		{6865F333-3BF9-48BA-9C24-754038D12F66}.Debug|iPhoneSimulator.ActiveCfg = Debug|Any CPU
		{6865F333-3BF9-48BA-9C24-754038D12F66}.Debug|iPhoneSimulator.Build.0 = Debug|Any CPU
		{6865F333-3BF9-48BA-9C24-754038D12F66}.Debug|iPhoneSimulator.Deploy.0 = Debug|Any CPU
		{6865F333-3BF9-48BA-9C24-754038D12F66}.Release|Any CPU.ActiveCfg = Release|Any CPU
		{6865F333-3BF9-48BA-9C24-754038D12F66}.Release|Any CPU.Build.0 = Release|Any CPU
		{6865F333-3BF9-48BA-9C24-754038D12F66}.Release|Any CPU.Deploy.0 = Release|Any CPU
		{6865F333-3BF9-48BA-9C24-754038D12F66}.Release|iPhone.ActiveCfg = Release|Any CPU
		{6865F333-3BF9-48BA-9C24-754038D12F66}.Release|iPhone.Build.0 = Release|Any CPU
		{6865F333-3BF9-48BA-9C24-754038D12F66}.Release|iPhone.Deploy.0 = Release|Any CPU
		{6865F333-3BF9-48BA-9C24-754038D12F66}.Release|iPhoneSimulator.ActiveCfg = Release|Any CPU
		{6865F333-3BF9-48BA-9C24-754038D12F66}.Release|iPhoneSimulator.Build.0 = Release|Any CPU
		{6865F333-3BF9-48BA-9C24-754038D12F66}.Release|iPhoneSimulator.Deploy.0 = Release|Any CPU
		{C70123FA-77FE-4465-BBEE-29425D9B63B5}.Ad-Hoc|Any CPU.ActiveCfg = Debug|Any CPU
		{C70123FA-77FE-4465-BBEE-29425D9B63B5}.Ad-Hoc|Any CPU.Build.0 = Debug|Any CPU
		{C70123FA-77FE-4465-BBEE-29425D9B63B5}.Ad-Hoc|iPhone.ActiveCfg = Debug|Any CPU
		{C70123FA-77FE-4465-BBEE-29425D9B63B5}.Ad-Hoc|iPhone.Build.0 = Debug|Any CPU
		{C70123FA-77FE-4465-BBEE-29425D9B63B5}.Ad-Hoc|iPhoneSimulator.ActiveCfg = Debug|Any CPU
		{C70123FA-77FE-4465-BBEE-29425D9B63B5}.Ad-Hoc|iPhoneSimulator.Build.0 = Debug|Any CPU
		{C70123FA-77FE-4465-BBEE-29425D9B63B5}.AppStore|Any CPU.ActiveCfg = Debug|Any CPU
		{C70123FA-77FE-4465-BBEE-29425D9B63B5}.AppStore|Any CPU.Build.0 = Debug|Any CPU
		{C70123FA-77FE-4465-BBEE-29425D9B63B5}.AppStore|iPhone.ActiveCfg = Debug|Any CPU
		{C70123FA-77FE-4465-BBEE-29425D9B63B5}.AppStore|iPhone.Build.0 = Debug|Any CPU
		{C70123FA-77FE-4465-BBEE-29425D9B63B5}.AppStore|iPhoneSimulator.ActiveCfg = Debug|Any CPU
		{C70123FA-77FE-4465-BBEE-29425D9B63B5}.AppStore|iPhoneSimulator.Build.0 = Debug|Any CPU
		{C70123FA-77FE-4465-BBEE-29425D9B63B5}.Debug|Any CPU.ActiveCfg = Debug|Any CPU
		{C70123FA-77FE-4465-BBEE-29425D9B63B5}.Debug|Any CPU.Build.0 = Debug|Any CPU
		{C70123FA-77FE-4465-BBEE-29425D9B63B5}.Debug|iPhone.ActiveCfg = Debug|Any CPU
		{C70123FA-77FE-4465-BBEE-29425D9B63B5}.Debug|iPhone.Build.0 = Debug|Any CPU
		{C70123FA-77FE-4465-BBEE-29425D9B63B5}.Debug|iPhoneSimulator.ActiveCfg = Debug|Any CPU
		{C70123FA-77FE-4465-BBEE-29425D9B63B5}.Debug|iPhoneSimulator.Build.0 = Debug|Any CPU
		{C70123FA-77FE-4465-BBEE-29425D9B63B5}.Release|Any CPU.ActiveCfg = Release|Any CPU
		{C70123FA-77FE-4465-BBEE-29425D9B63B5}.Release|Any CPU.Build.0 = Release|Any CPU
		{C70123FA-77FE-4465-BBEE-29425D9B63B5}.Release|iPhone.ActiveCfg = Release|Any CPU
		{C70123FA-77FE-4465-BBEE-29425D9B63B5}.Release|iPhone.Build.0 = Release|Any CPU
		{C70123FA-77FE-4465-BBEE-29425D9B63B5}.Release|iPhoneSimulator.ActiveCfg = Release|Any CPU
		{C70123FA-77FE-4465-BBEE-29425D9B63B5}.Release|iPhoneSimulator.Build.0 = Release|Any CPU
		{215B8AFF-0F78-4BDE-8D3E-A446F0E8607B}.Ad-Hoc|Any CPU.ActiveCfg = Debug|Any CPU
		{215B8AFF-0F78-4BDE-8D3E-A446F0E8607B}.Ad-Hoc|Any CPU.Build.0 = Debug|Any CPU
		{215B8AFF-0F78-4BDE-8D3E-A446F0E8607B}.Ad-Hoc|iPhone.ActiveCfg = Debug|Any CPU
		{215B8AFF-0F78-4BDE-8D3E-A446F0E8607B}.Ad-Hoc|iPhone.Build.0 = Debug|Any CPU
		{215B8AFF-0F78-4BDE-8D3E-A446F0E8607B}.Ad-Hoc|iPhoneSimulator.ActiveCfg = Debug|Any CPU
		{215B8AFF-0F78-4BDE-8D3E-A446F0E8607B}.Ad-Hoc|iPhoneSimulator.Build.0 = Debug|Any CPU
		{215B8AFF-0F78-4BDE-8D3E-A446F0E8607B}.AppStore|Any CPU.ActiveCfg = Debug|Any CPU
		{215B8AFF-0F78-4BDE-8D3E-A446F0E8607B}.AppStore|Any CPU.Build.0 = Debug|Any CPU
		{215B8AFF-0F78-4BDE-8D3E-A446F0E8607B}.AppStore|iPhone.ActiveCfg = Debug|Any CPU
		{215B8AFF-0F78-4BDE-8D3E-A446F0E8607B}.AppStore|iPhone.Build.0 = Debug|Any CPU
		{215B8AFF-0F78-4BDE-8D3E-A446F0E8607B}.AppStore|iPhoneSimulator.ActiveCfg = Debug|Any CPU
		{215B8AFF-0F78-4BDE-8D3E-A446F0E8607B}.AppStore|iPhoneSimulator.Build.0 = Debug|Any CPU
		{215B8AFF-0F78-4BDE-8D3E-A446F0E8607B}.Debug|Any CPU.ActiveCfg = Debug|Any CPU
		{215B8AFF-0F78-4BDE-8D3E-A446F0E8607B}.Debug|Any CPU.Build.0 = Debug|Any CPU
		{215B8AFF-0F78-4BDE-8D3E-A446F0E8607B}.Debug|iPhone.ActiveCfg = Debug|Any CPU
		{215B8AFF-0F78-4BDE-8D3E-A446F0E8607B}.Debug|iPhone.Build.0 = Debug|Any CPU
		{215B8AFF-0F78-4BDE-8D3E-A446F0E8607B}.Debug|iPhoneSimulator.ActiveCfg = Debug|Any CPU
		{215B8AFF-0F78-4BDE-8D3E-A446F0E8607B}.Debug|iPhoneSimulator.Build.0 = Debug|Any CPU
		{215B8AFF-0F78-4BDE-8D3E-A446F0E8607B}.Release|Any CPU.ActiveCfg = Release|Any CPU
		{215B8AFF-0F78-4BDE-8D3E-A446F0E8607B}.Release|Any CPU.Build.0 = Release|Any CPU
		{215B8AFF-0F78-4BDE-8D3E-A446F0E8607B}.Release|iPhone.ActiveCfg = Release|Any CPU
		{215B8AFF-0F78-4BDE-8D3E-A446F0E8607B}.Release|iPhone.Build.0 = Release|Any CPU
		{215B8AFF-0F78-4BDE-8D3E-A446F0E8607B}.Release|iPhoneSimulator.ActiveCfg = Release|Any CPU
		{215B8AFF-0F78-4BDE-8D3E-A446F0E8607B}.Release|iPhoneSimulator.Build.0 = Release|Any CPU
		{DAF4819E-C195-469E-8685-6652CAE15225}.Ad-Hoc|Any CPU.ActiveCfg = Release|Any CPU
		{DAF4819E-C195-469E-8685-6652CAE15225}.Ad-Hoc|Any CPU.Build.0 = Release|Any CPU
		{DAF4819E-C195-469E-8685-6652CAE15225}.Ad-Hoc|iPhone.ActiveCfg = Release|Any CPU
		{DAF4819E-C195-469E-8685-6652CAE15225}.Ad-Hoc|iPhone.Build.0 = Release|Any CPU
		{DAF4819E-C195-469E-8685-6652CAE15225}.Ad-Hoc|iPhoneSimulator.ActiveCfg = Release|Any CPU
		{DAF4819E-C195-469E-8685-6652CAE15225}.Ad-Hoc|iPhoneSimulator.Build.0 = Release|Any CPU
		{DAF4819E-C195-469E-8685-6652CAE15225}.AppStore|Any CPU.ActiveCfg = Release|Any CPU
		{DAF4819E-C195-469E-8685-6652CAE15225}.AppStore|Any CPU.Build.0 = Release|Any CPU
		{DAF4819E-C195-469E-8685-6652CAE15225}.AppStore|iPhone.ActiveCfg = Release|Any CPU
		{DAF4819E-C195-469E-8685-6652CAE15225}.AppStore|iPhone.Build.0 = Release|Any CPU
		{DAF4819E-C195-469E-8685-6652CAE15225}.AppStore|iPhoneSimulator.ActiveCfg = Release|Any CPU
		{DAF4819E-C195-469E-8685-6652CAE15225}.AppStore|iPhoneSimulator.Build.0 = Release|Any CPU
		{DAF4819E-C195-469E-8685-6652CAE15225}.Debug|Any CPU.ActiveCfg = Debug|Any CPU
		{DAF4819E-C195-469E-8685-6652CAE15225}.Debug|Any CPU.Build.0 = Debug|Any CPU
		{DAF4819E-C195-469E-8685-6652CAE15225}.Debug|iPhone.ActiveCfg = Debug|Any CPU
		{DAF4819E-C195-469E-8685-6652CAE15225}.Debug|iPhone.Build.0 = Debug|Any CPU
		{DAF4819E-C195-469E-8685-6652CAE15225}.Debug|iPhoneSimulator.ActiveCfg = Debug|Any CPU
		{DAF4819E-C195-469E-8685-6652CAE15225}.Debug|iPhoneSimulator.Build.0 = Debug|Any CPU
		{DAF4819E-C195-469E-8685-6652CAE15225}.Release|Any CPU.ActiveCfg = Release|Any CPU
		{DAF4819E-C195-469E-8685-6652CAE15225}.Release|Any CPU.Build.0 = Release|Any CPU
		{DAF4819E-C195-469E-8685-6652CAE15225}.Release|iPhone.ActiveCfg = Release|Any CPU
		{DAF4819E-C195-469E-8685-6652CAE15225}.Release|iPhone.Build.0 = Release|Any CPU
		{DAF4819E-C195-469E-8685-6652CAE15225}.Release|iPhoneSimulator.ActiveCfg = Release|Any CPU
		{DAF4819E-C195-469E-8685-6652CAE15225}.Release|iPhoneSimulator.Build.0 = Release|Any CPU
		{BBA7FAAC-A23A-48C6-94AC-20DCF44BA227}.Ad-Hoc|Any CPU.ActiveCfg = Debug|Any CPU
		{BBA7FAAC-A23A-48C6-94AC-20DCF44BA227}.Ad-Hoc|Any CPU.Build.0 = Debug|Any CPU
		{BBA7FAAC-A23A-48C6-94AC-20DCF44BA227}.Ad-Hoc|iPhone.ActiveCfg = Debug|Any CPU
		{BBA7FAAC-A23A-48C6-94AC-20DCF44BA227}.Ad-Hoc|iPhone.Build.0 = Debug|Any CPU
		{BBA7FAAC-A23A-48C6-94AC-20DCF44BA227}.Ad-Hoc|iPhoneSimulator.ActiveCfg = Debug|Any CPU
		{BBA7FAAC-A23A-48C6-94AC-20DCF44BA227}.Ad-Hoc|iPhoneSimulator.Build.0 = Debug|Any CPU
		{BBA7FAAC-A23A-48C6-94AC-20DCF44BA227}.AppStore|Any CPU.ActiveCfg = Debug|Any CPU
		{BBA7FAAC-A23A-48C6-94AC-20DCF44BA227}.AppStore|Any CPU.Build.0 = Debug|Any CPU
		{BBA7FAAC-A23A-48C6-94AC-20DCF44BA227}.AppStore|iPhone.ActiveCfg = Debug|Any CPU
		{BBA7FAAC-A23A-48C6-94AC-20DCF44BA227}.AppStore|iPhone.Build.0 = Debug|Any CPU
		{BBA7FAAC-A23A-48C6-94AC-20DCF44BA227}.AppStore|iPhoneSimulator.ActiveCfg = Debug|Any CPU
		{BBA7FAAC-A23A-48C6-94AC-20DCF44BA227}.AppStore|iPhoneSimulator.Build.0 = Debug|Any CPU
		{BBA7FAAC-A23A-48C6-94AC-20DCF44BA227}.Debug|Any CPU.ActiveCfg = Debug|Any CPU
		{BBA7FAAC-A23A-48C6-94AC-20DCF44BA227}.Debug|Any CPU.Build.0 = Debug|Any CPU
		{BBA7FAAC-A23A-48C6-94AC-20DCF44BA227}.Debug|iPhone.ActiveCfg = Debug|Any CPU
		{BBA7FAAC-A23A-48C6-94AC-20DCF44BA227}.Debug|iPhone.Build.0 = Debug|Any CPU
		{BBA7FAAC-A23A-48C6-94AC-20DCF44BA227}.Debug|iPhoneSimulator.ActiveCfg = Debug|Any CPU
		{BBA7FAAC-A23A-48C6-94AC-20DCF44BA227}.Debug|iPhoneSimulator.Build.0 = Debug|Any CPU
		{BBA7FAAC-A23A-48C6-94AC-20DCF44BA227}.Release|Any CPU.ActiveCfg = Release|Any CPU
		{BBA7FAAC-A23A-48C6-94AC-20DCF44BA227}.Release|Any CPU.Build.0 = Release|Any CPU
		{BBA7FAAC-A23A-48C6-94AC-20DCF44BA227}.Release|iPhone.ActiveCfg = Release|Any CPU
		{BBA7FAAC-A23A-48C6-94AC-20DCF44BA227}.Release|iPhone.Build.0 = Release|Any CPU
		{BBA7FAAC-A23A-48C6-94AC-20DCF44BA227}.Release|iPhoneSimulator.ActiveCfg = Release|Any CPU
		{BBA7FAAC-A23A-48C6-94AC-20DCF44BA227}.Release|iPhoneSimulator.Build.0 = Release|Any CPU
		{A380708C-C8C7-46A6-9090-F1FE15EB27FE}.Ad-Hoc|Any CPU.ActiveCfg = Release|Any CPU
		{A380708C-C8C7-46A6-9090-F1FE15EB27FE}.Ad-Hoc|Any CPU.Build.0 = Release|Any CPU
		{A380708C-C8C7-46A6-9090-F1FE15EB27FE}.Ad-Hoc|iPhone.ActiveCfg = Release|Any CPU
		{A380708C-C8C7-46A6-9090-F1FE15EB27FE}.Ad-Hoc|iPhone.Build.0 = Release|Any CPU
		{A380708C-C8C7-46A6-9090-F1FE15EB27FE}.Ad-Hoc|iPhoneSimulator.ActiveCfg = Release|Any CPU
		{A380708C-C8C7-46A6-9090-F1FE15EB27FE}.Ad-Hoc|iPhoneSimulator.Build.0 = Release|Any CPU
		{A380708C-C8C7-46A6-9090-F1FE15EB27FE}.AppStore|Any CPU.ActiveCfg = Release|Any CPU
		{A380708C-C8C7-46A6-9090-F1FE15EB27FE}.AppStore|Any CPU.Build.0 = Release|Any CPU
		{A380708C-C8C7-46A6-9090-F1FE15EB27FE}.AppStore|iPhone.ActiveCfg = Release|Any CPU
		{A380708C-C8C7-46A6-9090-F1FE15EB27FE}.AppStore|iPhone.Build.0 = Release|Any CPU
		{A380708C-C8C7-46A6-9090-F1FE15EB27FE}.AppStore|iPhoneSimulator.ActiveCfg = Release|Any CPU
		{A380708C-C8C7-46A6-9090-F1FE15EB27FE}.AppStore|iPhoneSimulator.Build.0 = Release|Any CPU
		{A380708C-C8C7-46A6-9090-F1FE15EB27FE}.Debug|Any CPU.ActiveCfg = Debug|Any CPU
		{A380708C-C8C7-46A6-9090-F1FE15EB27FE}.Debug|Any CPU.Build.0 = Debug|Any CPU
		{A380708C-C8C7-46A6-9090-F1FE15EB27FE}.Debug|iPhone.ActiveCfg = Debug|Any CPU
		{A380708C-C8C7-46A6-9090-F1FE15EB27FE}.Debug|iPhone.Build.0 = Debug|Any CPU
		{A380708C-C8C7-46A6-9090-F1FE15EB27FE}.Debug|iPhoneSimulator.ActiveCfg = Debug|Any CPU
		{A380708C-C8C7-46A6-9090-F1FE15EB27FE}.Debug|iPhoneSimulator.Build.0 = Debug|Any CPU
		{A380708C-C8C7-46A6-9090-F1FE15EB27FE}.Release|Any CPU.ActiveCfg = Release|Any CPU
		{A380708C-C8C7-46A6-9090-F1FE15EB27FE}.Release|Any CPU.Build.0 = Release|Any CPU
		{A380708C-C8C7-46A6-9090-F1FE15EB27FE}.Release|iPhone.ActiveCfg = Release|Any CPU
		{A380708C-C8C7-46A6-9090-F1FE15EB27FE}.Release|iPhone.Build.0 = Release|Any CPU
		{A380708C-C8C7-46A6-9090-F1FE15EB27FE}.Release|iPhoneSimulator.ActiveCfg = Release|Any CPU
		{A380708C-C8C7-46A6-9090-F1FE15EB27FE}.Release|iPhoneSimulator.Build.0 = Release|Any CPU
		{A7AFD9B2-478D-4326-9ED7-70E3F624689A}.Ad-Hoc|Any CPU.ActiveCfg = Release|Any CPU
		{A7AFD9B2-478D-4326-9ED7-70E3F624689A}.Ad-Hoc|Any CPU.Build.0 = Release|Any CPU
		{A7AFD9B2-478D-4326-9ED7-70E3F624689A}.Ad-Hoc|iPhone.ActiveCfg = Release|Any CPU
		{A7AFD9B2-478D-4326-9ED7-70E3F624689A}.Ad-Hoc|iPhone.Build.0 = Release|Any CPU
		{A7AFD9B2-478D-4326-9ED7-70E3F624689A}.Ad-Hoc|iPhoneSimulator.ActiveCfg = Release|Any CPU
		{A7AFD9B2-478D-4326-9ED7-70E3F624689A}.Ad-Hoc|iPhoneSimulator.Build.0 = Release|Any CPU
		{A7AFD9B2-478D-4326-9ED7-70E3F624689A}.AppStore|Any CPU.ActiveCfg = Release|Any CPU
		{A7AFD9B2-478D-4326-9ED7-70E3F624689A}.AppStore|Any CPU.Build.0 = Release|Any CPU
		{A7AFD9B2-478D-4326-9ED7-70E3F624689A}.AppStore|iPhone.ActiveCfg = Release|Any CPU
		{A7AFD9B2-478D-4326-9ED7-70E3F624689A}.AppStore|iPhone.Build.0 = Release|Any CPU
		{A7AFD9B2-478D-4326-9ED7-70E3F624689A}.AppStore|iPhoneSimulator.ActiveCfg = Release|Any CPU
		{A7AFD9B2-478D-4326-9ED7-70E3F624689A}.AppStore|iPhoneSimulator.Build.0 = Release|Any CPU
		{A7AFD9B2-478D-4326-9ED7-70E3F624689A}.Debug|Any CPU.ActiveCfg = Debug|Any CPU
		{A7AFD9B2-478D-4326-9ED7-70E3F624689A}.Debug|Any CPU.Build.0 = Debug|Any CPU
		{A7AFD9B2-478D-4326-9ED7-70E3F624689A}.Debug|iPhone.ActiveCfg = Debug|Any CPU
		{A7AFD9B2-478D-4326-9ED7-70E3F624689A}.Debug|iPhone.Build.0 = Debug|Any CPU
		{A7AFD9B2-478D-4326-9ED7-70E3F624689A}.Debug|iPhoneSimulator.ActiveCfg = Debug|Any CPU
		{A7AFD9B2-478D-4326-9ED7-70E3F624689A}.Debug|iPhoneSimulator.Build.0 = Debug|Any CPU
		{A7AFD9B2-478D-4326-9ED7-70E3F624689A}.Release|Any CPU.ActiveCfg = Release|Any CPU
		{A7AFD9B2-478D-4326-9ED7-70E3F624689A}.Release|Any CPU.Build.0 = Release|Any CPU
		{A7AFD9B2-478D-4326-9ED7-70E3F624689A}.Release|iPhone.ActiveCfg = Release|Any CPU
		{A7AFD9B2-478D-4326-9ED7-70E3F624689A}.Release|iPhone.Build.0 = Release|Any CPU
		{A7AFD9B2-478D-4326-9ED7-70E3F624689A}.Release|iPhoneSimulator.ActiveCfg = Release|Any CPU
		{A7AFD9B2-478D-4326-9ED7-70E3F624689A}.Release|iPhoneSimulator.Build.0 = Release|Any CPU
	EndGlobalSection
	GlobalSection(SolutionProperties) = preSolution
		HideSolutionNode = FALSE
	EndGlobalSection
	GlobalSection(NestedProjects) = preSolution
		{83D7DE80-A552-46CB-945C-F3D10AF2C5E5} = {06B9CBE1-3E47-4015-B7CD-9B17BD6904A9}
		{3238A0BA-43B5-4AD6-970F-8125B623FA05} = {06B9CBE1-3E47-4015-B7CD-9B17BD6904A9}
		{6865F333-3BF9-48BA-9C24-754038D12F66} = {06B9CBE1-3E47-4015-B7CD-9B17BD6904A9}
		{C70123FA-77FE-4465-BBEE-29425D9B63B5} = {BCBFAF5F-D8B1-4CEA-8440-0D26D8DCFFE2}
		{215B8AFF-0F78-4BDE-8D3E-A446F0E8607B} = {D6635094-B40C-4CDE-AB7F-9FA11935E645}
		{DAF4819E-C195-469E-8685-6652CAE15225} = {B172667F-A152-400F-8E94-4A80EE5096BD}
		{BBA7FAAC-A23A-48C6-94AC-20DCF44BA227} = {B172667F-A152-400F-8E94-4A80EE5096BD}
		{A380708C-C8C7-46A6-9090-F1FE15EB27FE} = {B172667F-A152-400F-8E94-4A80EE5096BD}
		{A7AFD9B2-478D-4326-9ED7-70E3F624689A} = {B172667F-A152-400F-8E94-4A80EE5096BD}
	EndGlobalSection
	GlobalSection(ExtensibilityGlobals) = postSolution
		SolutionGuid = {30EF9AFC-E2EB-4A11-99C8-7539D225B4BC}
	EndGlobalSection
EndGlobal
