
Microsoft Visual Studio Solution File, Format Version 12.00
# Visual Studio 15
VisualStudioVersion = 15.0.28010.2036
MinimumVisualStudioVersion = 10.0.40219.1
Project("{FAE04EC0-301F-11D3-BF4B-00C04F79EFBC}") = "EShope.Android", "EShope\EShope.Android\EShope.Android.csproj", "{83D7DE80-A552-46CB-945C-F3D10AF2C5E5}"
EndProject
Project("{FAE04EC0-301F-11D3-BF4B-00C04F79EFBC}") = "EShope.iOS", "EShope\EShope.iOS\EShope.iOS.csproj", "{3238A0BA-43B5-4AD6-970F-8125B623FA05}"
EndProject
Project("{9A19103F-16F7-4668-BE54-9A1E7A4F7556}") = "EShope", "EShope\EShope\EShope.csproj", "{6865F333-3BF9-48BA-9C24-754038D12F66}"
EndProject
Project("{9A19103F-16F7-4668-BE54-9A1E7A4F7556}") = "EShop.API", "EShop.API\EShop.API.csproj", "{C5C3456B-9E2C-4B0D-8B54-ED0773729A75}"
EndProject
Project("{FAE04EC0-301F-11D3-BF4B-00C04F79EFBC}") = "EShope.API", "EShope.API\EShope.API.csproj", "{A48A0522-C234-4987-8AB4-1084883C77C5}"
EndProject
Project("{FAE04EC0-301F-11D3-BF4B-00C04F79EFBC}") = "EShope.BackEndAPI", "EShope.BackEndAPI\EShope.BackEndAPI.csproj", "{7FBD1E78-A2AB-40B8-8242-8CD13C3FBA1E}"
EndProject
Project("{FAE04EC0-301F-11D3-BF4B-00C04F79EFBC}") = "EShope.BackEndAPI.Tests", "EShope.BackEndAPI.Tests\EShope.BackEndAPI.Tests.csproj", "{ECFCAE88-E324-4718-B1AC-C5946479C6DC}"
EndProject
Project("{FAE04EC0-301F-11D3-BF4B-00C04F79EFBC}") = "EShope.AzureMobileAPI", "EShope.AzureMobileAPI\EShope.AzureMobileAPI.csproj", "{92998163-B0AA-4C0A-9531-833F1B8D10A8}"
EndProject
Global
	GlobalSection(SolutionConfigurationPlatforms) = preSolution
		Ad-Hoc|Any CPU = Ad-Hoc|Any CPU
		Ad-Hoc|iPhone = Ad-Hoc|iPhone
		Ad-Hoc|iPhoneSimulator = Ad-Hoc|iPhoneSimulator
		AppStore|Any CPU = AppStore|Any CPU
		AppStore|iPhone = AppStore|iPhone
		AppStore|iPhoneSimulator = AppStore|iPhoneSimulator
		Debug|Any CPU = Debug|Any CPU
		Debug|iPhone = Debug|iPhone
		Debug|iPhoneSimulator = Debug|iPhoneSimulator
		Release|Any CPU = Release|Any CPU
		Release|iPhone = Release|iPhone
		Release|iPhoneSimulator = Release|iPhoneSimulator
	EndGlobalSection
	GlobalSection(ProjectConfigurationPlatforms) = postSolution
		{83D7DE80-A552-46CB-945C-F3D10AF2C5E5}.Ad-Hoc|Any CPU.ActiveCfg = Release|Any CPU
		{83D7DE80-A552-46CB-945C-F3D10AF2C5E5}.Ad-Hoc|Any CPU.Build.0 = Release|Any CPU
		{83D7DE80-A552-46CB-945C-F3D10AF2C5E5}.Ad-Hoc|Any CPU.Deploy.0 = Release|Any CPU
		{83D7DE80-A552-46CB-945C-F3D10AF2C5E5}.Ad-Hoc|iPhone.ActiveCfg = Release|Any CPU
		{83D7DE80-A552-46CB-945C-F3D10AF2C5E5}.Ad-Hoc|iPhone.Build.0 = Release|Any CPU
		{83D7DE80-A552-46CB-945C-F3D10AF2C5E5}.Ad-Hoc|iPhone.Deploy.0 = Release|Any CPU
		{83D7DE80-A552-46CB-945C-F3D10AF2C5E5}.Ad-Hoc|iPhoneSimulator.ActiveCfg = Release|Any CPU
		{83D7DE80-A552-46CB-945C-F3D10AF2C5E5}.Ad-Hoc|iPhoneSimulator.Build.0 = Release|Any CPU
		{83D7DE80-A552-46CB-945C-F3D10AF2C5E5}.Ad-Hoc|iPhoneSimulator.Deploy.0 = Release|Any CPU
		{83D7DE80-A552-46CB-945C-F3D10AF2C5E5}.AppStore|Any CPU.ActiveCfg = Release|Any CPU
		{83D7DE80-A552-46CB-945C-F3D10AF2C5E5}.AppStore|Any CPU.Build.0 = Release|Any CPU
		{83D7DE80-A552-46CB-945C-F3D10AF2C5E5}.AppStore|Any CPU.Deploy.0 = Release|Any CPU
		{83D7DE80-A552-46CB-945C-F3D10AF2C5E5}.AppStore|iPhone.ActiveCfg = Release|Any CPU
		{83D7DE80-A552-46CB-945C-F3D10AF2C5E5}.AppStore|iPhone.Build.0 = Release|Any CPU
		{83D7DE80-A552-46CB-945C-F3D10AF2C5E5}.AppStore|iPhone.Deploy.0 = Release|Any CPU
		{83D7DE80-A552-46CB-945C-F3D10AF2C5E5}.AppStore|iPhoneSimulator.ActiveCfg = Release|Any CPU
		{83D7DE80-A552-46CB-945C-F3D10AF2C5E5}.AppStore|iPhoneSimulator.Build.0 = Release|Any CPU
		{83D7DE80-A552-46CB-945C-F3D10AF2C5E5}.AppStore|iPhoneSimulator.Deploy.0 = Release|Any CPU
		{83D7DE80-A552-46CB-945C-F3D10AF2C5E5}.Debug|Any CPU.ActiveCfg = Debug|Any CPU
		{83D7DE80-A552-46CB-945C-F3D10AF2C5E5}.Debug|Any CPU.Build.0 = Debug|Any CPU
		{83D7DE80-A552-46CB-945C-F3D10AF2C5E5}.Debug|Any CPU.Deploy.0 = Debug|Any CPU
		{83D7DE80-A552-46CB-945C-F3D10AF2C5E5}.Debug|iPhone.ActiveCfg = Debug|Any CPU
		{83D7DE80-A552-46CB-945C-F3D10AF2C5E5}.Debug|iPhone.Build.0 = Debug|Any CPU
		{83D7DE80-A552-46CB-945C-F3D10AF2C5E5}.Debug|iPhone.Deploy.0 = Debug|Any CPU
		{83D7DE80-A552-46CB-945C-F3D10AF2C5E5}.Debug|iPhoneSimulator.ActiveCfg = Debug|Any CPU
		{83D7DE80-A552-46CB-945C-F3D10AF2C5E5}.Debug|iPhoneSimulator.Build.0 = Debug|Any CPU
		{83D7DE80-A552-46CB-945C-F3D10AF2C5E5}.Debug|iPhoneSimulator.Deploy.0 = Debug|Any CPU
		{83D7DE80-A552-46CB-945C-F3D10AF2C5E5}.Release|Any CPU.ActiveCfg = Release|Any CPU
		{83D7DE80-A552-46CB-945C-F3D10AF2C5E5}.Release|Any CPU.Build.0 = Release|Any CPU
		{83D7DE80-A552-46CB-945C-F3D10AF2C5E5}.Release|Any CPU.Deploy.0 = Release|Any CPU
		{83D7DE80-A552-46CB-945C-F3D10AF2C5E5}.Release|iPhone.ActiveCfg = Release|Any CPU
		{83D7DE80-A552-46CB-945C-F3D10AF2C5E5}.Release|iPhone.Build.0 = Release|Any CPU
		{83D7DE80-A552-46CB-945C-F3D10AF2C5E5}.Release|iPhone.Deploy.0 = Release|Any CPU
		{83D7DE80-A552-46CB-945C-F3D10AF2C5E5}.Release|iPhoneSimulator.ActiveCfg = Release|Any CPU
		{83D7DE80-A552-46CB-945C-F3D10AF2C5E5}.Release|iPhoneSimulator.Build.0 = Release|Any CPU
		{83D7DE80-A552-46CB-945C-F3D10AF2C5E5}.Release|iPhoneSimulator.Deploy.0 = Release|Any CPU
		{3238A0BA-43B5-4AD6-970F-8125B623FA05}.Ad-Hoc|Any CPU.ActiveCfg = Ad-Hoc|iPhone
		{3238A0BA-43B5-4AD6-970F-8125B623FA05}.Ad-Hoc|Any CPU.Build.0 = Ad-Hoc|iPhone
		{3238A0BA-43B5-4AD6-970F-8125B623FA05}.Ad-Hoc|Any CPU.Deploy.0 = Ad-Hoc|iPhone
		{3238A0BA-43B5-4AD6-970F-8125B623FA05}.Ad-Hoc|iPhone.ActiveCfg = Ad-Hoc|iPhone
		{3238A0BA-43B5-4AD6-970F-8125B623FA05}.Ad-Hoc|iPhone.Build.0 = Ad-Hoc|iPhone
		{3238A0BA-43B5-4AD6-970F-8125B623FA05}.Ad-Hoc|iPhone.Deploy.0 = Ad-Hoc|iPhone
		{3238A0BA-43B5-4AD6-970F-8125B623FA05}.Ad-Hoc|iPhoneSimulator.ActiveCfg = Ad-Hoc|iPhoneSimulator
		{3238A0BA-43B5-4AD6-970F-8125B623FA05}.Ad-Hoc|iPhoneSimulator.Build.0 = Ad-Hoc|iPhoneSimulator
		{3238A0BA-43B5-4AD6-970F-8125B623FA05}.Ad-Hoc|iPhoneSimulator.Deploy.0 = Ad-Hoc|iPhoneSimulator
		{3238A0BA-43B5-4AD6-970F-8125B623FA05}.AppStore|Any CPU.ActiveCfg = AppStore|iPhone
		{3238A0BA-43B5-4AD6-970F-8125B623FA05}.AppStore|Any CPU.Build.0 = AppStore|iPhone
		{3238A0BA-43B5-4AD6-970F-8125B623FA05}.AppStore|Any CPU.Deploy.0 = AppStore|iPhone
		{3238A0BA-43B5-4AD6-970F-8125B623FA05}.AppStore|iPhone.ActiveCfg = AppStore|iPhone
		{3238A0BA-43B5-4AD6-970F-8125B623FA05}.AppStore|iPhone.Build.0 = AppStore|iPhone
		{3238A0BA-43B5-4AD6-970F-8125B623FA05}.AppStore|iPhone.Deploy.0 = AppStore|iPhone
		{3238A0BA-43B5-4AD6-970F-8125B623FA05}.AppStore|iPhoneSimulator.ActiveCfg = AppStore|iPhoneSimulator
		{3238A0BA-43B5-4AD6-970F-8125B623FA05}.AppStore|iPhoneSimulator.Build.0 = AppStore|iPhoneSimulator
		{3238A0BA-43B5-4AD6-970F-8125B623FA05}.AppStore|iPhoneSimulator.Deploy.0 = AppStore|iPhoneSimulator
		{3238A0BA-43B5-4AD6-970F-8125B623FA05}.Debug|Any CPU.ActiveCfg = Debug|iPhoneSimulator
		{3238A0BA-43B5-4AD6-970F-8125B623FA05}.Debug|Any CPU.Build.0 = Debug|iPhoneSimulator
		{3238A0BA-43B5-4AD6-970F-8125B623FA05}.Debug|Any CPU.Deploy.0 = Debug|iPhoneSimulator
		{3238A0BA-43B5-4AD6-970F-8125B623FA05}.Debug|iPhone.ActiveCfg = Debug|iPhone
		{3238A0BA-43B5-4AD6-970F-8125B623FA05}.Debug|iPhone.Build.0 = Debug|iPhone
		{3238A0BA-43B5-4AD6-970F-8125B623FA05}.Debug|iPhone.Deploy.0 = Debug|iPhone
		{3238A0BA-43B5-4AD6-970F-8125B623FA05}.Debug|iPhoneSimulator.ActiveCfg = Debug|iPhoneSimulator
		{3238A0BA-43B5-4AD6-970F-8125B623FA05}.Debug|iPhoneSimulator.Build.0 = Debug|iPhoneSimulator
		{3238A0BA-43B5-4AD6-970F-8125B623FA05}.Debug|iPhoneSimulator.Deploy.0 = Debug|iPhoneSimulator
		{3238A0BA-43B5-4AD6-970F-8125B623FA05}.Release|Any CPU.ActiveCfg = Release|iPhone
		{3238A0BA-43B5-4AD6-970F-8125B623FA05}.Release|Any CPU.Build.0 = Release|iPhone
		{3238A0BA-43B5-4AD6-970F-8125B623FA05}.Release|Any CPU.Deploy.0 = Release|iPhone
		{3238A0BA-43B5-4AD6-970F-8125B623FA05}.Release|iPhone.ActiveCfg = Release|iPhone
		{3238A0BA-43B5-4AD6-970F-8125B623FA05}.Release|iPhone.Build.0 = Release|iPhone
		{3238A0BA-43B5-4AD6-970F-8125B623FA05}.Release|iPhone.Deploy.0 = Release|iPhone
		{3238A0BA-43B5-4AD6-970F-8125B623FA05}.Release|iPhoneSimulator.ActiveCfg = Release|iPhoneSimulator
		{3238A0BA-43B5-4AD6-970F-8125B623FA05}.Release|iPhoneSimulator.Build.0 = Release|iPhoneSimulator
		{3238A0BA-43B5-4AD6-970F-8125B623FA05}.Release|iPhoneSimulator.Deploy.0 = Release|iPhoneSimulator
		{6865F333-3BF9-48BA-9C24-754038D12F66}.Ad-Hoc|Any CPU.ActiveCfg = Debug|Any CPU
		{6865F333-3BF9-48BA-9C24-754038D12F66}.Ad-Hoc|Any CPU.Build.0 = Debug|Any CPU
		{6865F333-3BF9-48BA-9C24-754038D12F66}.Ad-Hoc|Any CPU.Deploy.0 = Debug|Any CPU
		{6865F333-3BF9-48BA-9C24-754038D12F66}.Ad-Hoc|iPhone.ActiveCfg = Debug|Any CPU
		{6865F333-3BF9-48BA-9C24-754038D12F66}.Ad-Hoc|iPhone.Build.0 = Debug|Any CPU
		{6865F333-3BF9-48BA-9C24-754038D12F66}.Ad-Hoc|iPhone.Deploy.0 = Debug|Any CPU
		{6865F333-3BF9-48BA-9C24-754038D12F66}.Ad-Hoc|iPhoneSimulator.ActiveCfg = Debug|Any CPU
		{6865F333-3BF9-48BA-9C24-754038D12F66}.Ad-Hoc|iPhoneSimulator.Build.0 = Debug|Any CPU
		{6865F333-3BF9-48BA-9C24-754038D12F66}.Ad-Hoc|iPhoneSimulator.Deploy.0 = Debug|Any CPU
		{6865F333-3BF9-48BA-9C24-754038D12F66}.AppStore|Any CPU.ActiveCfg = Debug|Any CPU
		{6865F333-3BF9-48BA-9C24-754038D12F66}.AppStore|Any CPU.Build.0 = Debug|Any CPU
		{6865F333-3BF9-48BA-9C24-754038D12F66}.AppStore|Any CPU.Deploy.0 = Debug|Any CPU
		{6865F333-3BF9-48BA-9C24-754038D12F66}.AppStore|iPhone.ActiveCfg = Debug|Any CPU
		{6865F333-3BF9-48BA-9C24-754038D12F66}.AppStore|iPhone.Build.0 = Debug|Any CPU
		{6865F333-3BF9-48BA-9C24-754038D12F66}.AppStore|iPhone.Deploy.0 = Debug|Any CPU
		{6865F333-3BF9-48BA-9C24-754038D12F66}.AppStore|iPhoneSimulator.ActiveCfg = Debug|Any CPU
		{6865F333-3BF9-48BA-9C24-754038D12F66}.AppStore|iPhoneSimulator.Build.0 = Debug|Any CPU
		{6865F333-3BF9-48BA-9C24-754038D12F66}.AppStore|iPhoneSimulator.Deploy.0 = Debug|Any CPU
		{6865F333-3BF9-48BA-9C24-754038D12F66}.Debug|Any CPU.ActiveCfg = Debug|Any CPU
		{6865F333-3BF9-48BA-9C24-754038D12F66}.Debug|Any CPU.Build.0 = Debug|Any CPU
		{6865F333-3BF9-48BA-9C24-754038D12F66}.Debug|Any CPU.Deploy.0 = Debug|Any CPU
		{6865F333-3BF9-48BA-9C24-754038D12F66}.Debug|iPhone.ActiveCfg = Debug|Any CPU
		{6865F333-3BF9-48BA-9C24-754038D12F66}.Debug|iPhone.Build.0 = Debug|Any CPU
		{6865F333-3BF9-48BA-9C24-754038D12F66}.Debug|iPhone.Deploy.0 = Debug|Any CPU
		{6865F333-3BF9-48BA-9C24-754038D12F66}.Debug|iPhoneSimulator.ActiveCfg = Debug|Any CPU
		{6865F333-3BF9-48BA-9C24-754038D12F66}.Debug|iPhoneSimulator.Build.0 = Debug|Any CPU
		{6865F333-3BF9-48BA-9C24-754038D12F66}.Debug|iPhoneSimulator.Deploy.0 = Debug|Any CPU
		{6865F333-3BF9-48BA-9C24-754038D12F66}.Release|Any CPU.ActiveCfg = Release|Any CPU
		{6865F333-3BF9-48BA-9C24-754038D12F66}.Release|Any CPU.Build.0 = Release|Any CPU
		{6865F333-3BF9-48BA-9C24-754038D12F66}.Release|Any CPU.Deploy.0 = Release|Any CPU
		{6865F333-3BF9-48BA-9C24-754038D12F66}.Release|iPhone.ActiveCfg = Release|Any CPU
		{6865F333-3BF9-48BA-9C24-754038D12F66}.Release|iPhone.Build.0 = Release|Any CPU
		{6865F333-3BF9-48BA-9C24-754038D12F66}.Release|iPhone.Deploy.0 = Release|Any CPU
		{6865F333-3BF9-48BA-9C24-754038D12F66}.Release|iPhoneSimulator.ActiveCfg = Release|Any CPU
		{6865F333-3BF9-48BA-9C24-754038D12F66}.Release|iPhoneSimulator.Build.0 = Release|Any CPU
		{6865F333-3BF9-48BA-9C24-754038D12F66}.Release|iPhoneSimulator.Deploy.0 = Release|Any CPU
		{C5C3456B-9E2C-4B0D-8B54-ED0773729A75}.Ad-Hoc|Any CPU.ActiveCfg = Debug|Any CPU
		{C5C3456B-9E2C-4B0D-8B54-ED0773729A75}.Ad-Hoc|Any CPU.Build.0 = Debug|Any CPU
		{C5C3456B-9E2C-4B0D-8B54-ED0773729A75}.Ad-Hoc|iPhone.ActiveCfg = Debug|Any CPU
		{C5C3456B-9E2C-4B0D-8B54-ED0773729A75}.Ad-Hoc|iPhone.Build.0 = Debug|Any CPU
		{C5C3456B-9E2C-4B0D-8B54-ED0773729A75}.Ad-Hoc|iPhoneSimulator.ActiveCfg = Debug|Any CPU
		{C5C3456B-9E2C-4B0D-8B54-ED0773729A75}.Ad-Hoc|iPhoneSimulator.Build.0 = Debug|Any CPU
		{C5C3456B-9E2C-4B0D-8B54-ED0773729A75}.AppStore|Any CPU.ActiveCfg = Debug|Any CPU
		{C5C3456B-9E2C-4B0D-8B54-ED0773729A75}.AppStore|Any CPU.Build.0 = Debug|Any CPU
		{C5C3456B-9E2C-4B0D-8B54-ED0773729A75}.AppStore|iPhone.ActiveCfg = Debug|Any CPU
		{C5C3456B-9E2C-4B0D-8B54-ED0773729A75}.AppStore|iPhone.Build.0 = Debug|Any CPU
		{C5C3456B-9E2C-4B0D-8B54-ED0773729A75}.AppStore|iPhoneSimulator.ActiveCfg = Debug|Any CPU
		{C5C3456B-9E2C-4B0D-8B54-ED0773729A75}.AppStore|iPhoneSimulator.Build.0 = Debug|Any CPU
		{C5C3456B-9E2C-4B0D-8B54-ED0773729A75}.Debug|Any CPU.ActiveCfg = Debug|Any CPU
		{C5C3456B-9E2C-4B0D-8B54-ED0773729A75}.Debug|Any CPU.Build.0 = Debug|Any CPU
		{C5C3456B-9E2C-4B0D-8B54-ED0773729A75}.Debug|iPhone.ActiveCfg = Debug|Any CPU
		{C5C3456B-9E2C-4B0D-8B54-ED0773729A75}.Debug|iPhone.Build.0 = Debug|Any CPU
		{C5C3456B-9E2C-4B0D-8B54-ED0773729A75}.Debug|iPhoneSimulator.ActiveCfg = Debug|Any CPU
		{C5C3456B-9E2C-4B0D-8B54-ED0773729A75}.Debug|iPhoneSimulator.Build.0 = Debug|Any CPU
		{C5C3456B-9E2C-4B0D-8B54-ED0773729A75}.Release|Any CPU.ActiveCfg = Release|Any CPU
		{C5C3456B-9E2C-4B0D-8B54-ED0773729A75}.Release|Any CPU.Build.0 = Release|Any CPU
		{C5C3456B-9E2C-4B0D-8B54-ED0773729A75}.Release|iPhone.ActiveCfg = Release|Any CPU
		{C5C3456B-9E2C-4B0D-8B54-ED0773729A75}.Release|iPhone.Build.0 = Release|Any CPU
		{C5C3456B-9E2C-4B0D-8B54-ED0773729A75}.Release|iPhoneSimulator.ActiveCfg = Release|Any CPU
		{C5C3456B-9E2C-4B0D-8B54-ED0773729A75}.Release|iPhoneSimulator.Build.0 = Release|Any CPU
		{A48A0522-C234-4987-8AB4-1084883C77C5}.Ad-Hoc|Any CPU.ActiveCfg = Release|Any CPU
		{A48A0522-C234-4987-8AB4-1084883C77C5}.Ad-Hoc|Any CPU.Build.0 = Release|Any CPU
		{A48A0522-C234-4987-8AB4-1084883C77C5}.Ad-Hoc|iPhone.ActiveCfg = Release|Any CPU
		{A48A0522-C234-4987-8AB4-1084883C77C5}.Ad-Hoc|iPhone.Build.0 = Release|Any CPU
		{A48A0522-C234-4987-8AB4-1084883C77C5}.Ad-Hoc|iPhoneSimulator.ActiveCfg = Release|Any CPU
		{A48A0522-C234-4987-8AB4-1084883C77C5}.Ad-Hoc|iPhoneSimulator.Build.0 = Release|Any CPU
		{A48A0522-C234-4987-8AB4-1084883C77C5}.AppStore|Any CPU.ActiveCfg = Release|Any CPU
		{A48A0522-C234-4987-8AB4-1084883C77C5}.AppStore|Any CPU.Build.0 = Release|Any CPU
		{A48A0522-C234-4987-8AB4-1084883C77C5}.AppStore|iPhone.ActiveCfg = Release|Any CPU
		{A48A0522-C234-4987-8AB4-1084883C77C5}.AppStore|iPhone.Build.0 = Release|Any CPU
		{A48A0522-C234-4987-8AB4-1084883C77C5}.AppStore|iPhoneSimulator.ActiveCfg = Release|Any CPU
		{A48A0522-C234-4987-8AB4-1084883C77C5}.AppStore|iPhoneSimulator.Build.0 = Release|Any CPU
		{A48A0522-C234-4987-8AB4-1084883C77C5}.Debug|Any CPU.ActiveCfg = Debug|Any CPU
		{A48A0522-C234-4987-8AB4-1084883C77C5}.Debug|Any CPU.Build.0 = Debug|Any CPU
		{A48A0522-C234-4987-8AB4-1084883C77C5}.Debug|iPhone.ActiveCfg = Debug|Any CPU
		{A48A0522-C234-4987-8AB4-1084883C77C5}.Debug|iPhone.Build.0 = Debug|Any CPU
		{A48A0522-C234-4987-8AB4-1084883C77C5}.Debug|iPhoneSimulator.ActiveCfg = Debug|Any CPU
		{A48A0522-C234-4987-8AB4-1084883C77C5}.Debug|iPhoneSimulator.Build.0 = Debug|Any CPU
		{A48A0522-C234-4987-8AB4-1084883C77C5}.Release|Any CPU.ActiveCfg = Release|Any CPU
		{A48A0522-C234-4987-8AB4-1084883C77C5}.Release|Any CPU.Build.0 = Release|Any CPU
		{A48A0522-C234-4987-8AB4-1084883C77C5}.Release|iPhone.ActiveCfg = Release|Any CPU
		{A48A0522-C234-4987-8AB4-1084883C77C5}.Release|iPhone.Build.0 = Release|Any CPU
		{A48A0522-C234-4987-8AB4-1084883C77C5}.Release|iPhoneSimulator.ActiveCfg = Release|Any CPU
		{A48A0522-C234-4987-8AB4-1084883C77C5}.Release|iPhoneSimulator.Build.0 = Release|Any CPU
		{7FBD1E78-A2AB-40B8-8242-8CD13C3FBA1E}.Ad-Hoc|Any CPU.ActiveCfg = Release|Any CPU
		{7FBD1E78-A2AB-40B8-8242-8CD13C3FBA1E}.Ad-Hoc|Any CPU.Build.0 = Release|Any CPU
		{7FBD1E78-A2AB-40B8-8242-8CD13C3FBA1E}.Ad-Hoc|iPhone.ActiveCfg = Release|Any CPU
		{7FBD1E78-A2AB-40B8-8242-8CD13C3FBA1E}.Ad-Hoc|iPhone.Build.0 = Release|Any CPU
		{7FBD1E78-A2AB-40B8-8242-8CD13C3FBA1E}.Ad-Hoc|iPhoneSimulator.ActiveCfg = Release|Any CPU
		{7FBD1E78-A2AB-40B8-8242-8CD13C3FBA1E}.Ad-Hoc|iPhoneSimulator.Build.0 = Release|Any CPU
		{7FBD1E78-A2AB-40B8-8242-8CD13C3FBA1E}.AppStore|Any CPU.ActiveCfg = Release|Any CPU
		{7FBD1E78-A2AB-40B8-8242-8CD13C3FBA1E}.AppStore|Any CPU.Build.0 = Release|Any CPU
		{7FBD1E78-A2AB-40B8-8242-8CD13C3FBA1E}.AppStore|iPhone.ActiveCfg = Release|Any CPU
		{7FBD1E78-A2AB-40B8-8242-8CD13C3FBA1E}.AppStore|iPhone.Build.0 = Release|Any CPU
		{7FBD1E78-A2AB-40B8-8242-8CD13C3FBA1E}.AppStore|iPhoneSimulator.ActiveCfg = Release|Any CPU
		{7FBD1E78-A2AB-40B8-8242-8CD13C3FBA1E}.AppStore|iPhoneSimulator.Build.0 = Release|Any CPU
		{7FBD1E78-A2AB-40B8-8242-8CD13C3FBA1E}.Debug|Any CPU.ActiveCfg = Debug|Any CPU
		{7FBD1E78-A2AB-40B8-8242-8CD13C3FBA1E}.Debug|Any CPU.Build.0 = Debug|Any CPU
		{7FBD1E78-A2AB-40B8-8242-8CD13C3FBA1E}.Debug|iPhone.ActiveCfg = Debug|Any CPU
		{7FBD1E78-A2AB-40B8-8242-8CD13C3FBA1E}.Debug|iPhone.Build.0 = Debug|Any CPU
		{7FBD1E78-A2AB-40B8-8242-8CD13C3FBA1E}.Debug|iPhoneSimulator.ActiveCfg = Debug|Any CPU
		{7FBD1E78-A2AB-40B8-8242-8CD13C3FBA1E}.Debug|iPhoneSimulator.Build.0 = Debug|Any CPU
		{7FBD1E78-A2AB-40B8-8242-8CD13C3FBA1E}.Release|Any CPU.ActiveCfg = Release|Any CPU
		{7FBD1E78-A2AB-40B8-8242-8CD13C3FBA1E}.Release|Any CPU.Build.0 = Release|Any CPU
		{7FBD1E78-A2AB-40B8-8242-8CD13C3FBA1E}.Release|iPhone.ActiveCfg = Release|Any CPU
		{7FBD1E78-A2AB-40B8-8242-8CD13C3FBA1E}.Release|iPhone.Build.0 = Release|Any CPU
		{7FBD1E78-A2AB-40B8-8242-8CD13C3FBA1E}.Release|iPhoneSimulator.ActiveCfg = Release|Any CPU
		{7FBD1E78-A2AB-40B8-8242-8CD13C3FBA1E}.Release|iPhoneSimulator.Build.0 = Release|Any CPU
		{ECFCAE88-E324-4718-B1AC-C5946479C6DC}.Ad-Hoc|Any CPU.ActiveCfg = Release|Any CPU
		{ECFCAE88-E324-4718-B1AC-C5946479C6DC}.Ad-Hoc|Any CPU.Build.0 = Release|Any CPU
		{ECFCAE88-E324-4718-B1AC-C5946479C6DC}.Ad-Hoc|iPhone.ActiveCfg = Release|Any CPU
		{ECFCAE88-E324-4718-B1AC-C5946479C6DC}.Ad-Hoc|iPhone.Build.0 = Release|Any CPU
		{ECFCAE88-E324-4718-B1AC-C5946479C6DC}.Ad-Hoc|iPhoneSimulator.ActiveCfg = Release|Any CPU
		{ECFCAE88-E324-4718-B1AC-C5946479C6DC}.Ad-Hoc|iPhoneSimulator.Build.0 = Release|Any CPU
		{ECFCAE88-E324-4718-B1AC-C5946479C6DC}.AppStore|Any CPU.ActiveCfg = Release|Any CPU
		{ECFCAE88-E324-4718-B1AC-C5946479C6DC}.AppStore|Any CPU.Build.0 = Release|Any CPU
		{ECFCAE88-E324-4718-B1AC-C5946479C6DC}.AppStore|iPhone.ActiveCfg = Release|Any CPU
		{ECFCAE88-E324-4718-B1AC-C5946479C6DC}.AppStore|iPhone.Build.0 = Release|Any CPU
		{ECFCAE88-E324-4718-B1AC-C5946479C6DC}.AppStore|iPhoneSimulator.ActiveCfg = Release|Any CPU
		{ECFCAE88-E324-4718-B1AC-C5946479C6DC}.AppStore|iPhoneSimulator.Build.0 = Release|Any CPU
		{ECFCAE88-E324-4718-B1AC-C5946479C6DC}.Debug|Any CPU.ActiveCfg = Debug|Any CPU
		{ECFCAE88-E324-4718-B1AC-C5946479C6DC}.Debug|Any CPU.Build.0 = Debug|Any CPU
		{ECFCAE88-E324-4718-B1AC-C5946479C6DC}.Debug|iPhone.ActiveCfg = Debug|Any CPU
		{ECFCAE88-E324-4718-B1AC-C5946479C6DC}.Debug|iPhone.Build.0 = Debug|Any CPU
		{ECFCAE88-E324-4718-B1AC-C5946479C6DC}.Debug|iPhoneSimulator.ActiveCfg = Debug|Any CPU
		{ECFCAE88-E324-4718-B1AC-C5946479C6DC}.Debug|iPhoneSimulator.Build.0 = Debug|Any CPU
		{ECFCAE88-E324-4718-B1AC-C5946479C6DC}.Release|Any CPU.ActiveCfg = Release|Any CPU
		{ECFCAE88-E324-4718-B1AC-C5946479C6DC}.Release|Any CPU.Build.0 = Release|Any CPU
		{ECFCAE88-E324-4718-B1AC-C5946479C6DC}.Release|iPhone.ActiveCfg = Release|Any CPU
		{ECFCAE88-E324-4718-B1AC-C5946479C6DC}.Release|iPhone.Build.0 = Release|Any CPU
		{ECFCAE88-E324-4718-B1AC-C5946479C6DC}.Release|iPhoneSimulator.ActiveCfg = Release|Any CPU
		{ECFCAE88-E324-4718-B1AC-C5946479C6DC}.Release|iPhoneSimulator.Build.0 = Release|Any CPU
		{92998163-B0AA-4C0A-9531-833F1B8D10A8}.Ad-Hoc|Any CPU.ActiveCfg = Release|Any CPU
		{92998163-B0AA-4C0A-9531-833F1B8D10A8}.Ad-Hoc|Any CPU.Build.0 = Release|Any CPU
		{92998163-B0AA-4C0A-9531-833F1B8D10A8}.Ad-Hoc|iPhone.ActiveCfg = Release|Any CPU
		{92998163-B0AA-4C0A-9531-833F1B8D10A8}.Ad-Hoc|iPhone.Build.0 = Release|Any CPU
		{92998163-B0AA-4C0A-9531-833F1B8D10A8}.Ad-Hoc|iPhoneSimulator.ActiveCfg = Release|Any CPU
		{92998163-B0AA-4C0A-9531-833F1B8D10A8}.Ad-Hoc|iPhoneSimulator.Build.0 = Release|Any CPU
		{92998163-B0AA-4C0A-9531-833F1B8D10A8}.AppStore|Any CPU.ActiveCfg = Release|Any CPU
		{92998163-B0AA-4C0A-9531-833F1B8D10A8}.AppStore|Any CPU.Build.0 = Release|Any CPU
		{92998163-B0AA-4C0A-9531-833F1B8D10A8}.AppStore|iPhone.ActiveCfg = Release|Any CPU
		{92998163-B0AA-4C0A-9531-833F1B8D10A8}.AppStore|iPhone.Build.0 = Release|Any CPU
		{92998163-B0AA-4C0A-9531-833F1B8D10A8}.AppStore|iPhoneSimulator.ActiveCfg = Release|Any CPU
		{92998163-B0AA-4C0A-9531-833F1B8D10A8}.AppStore|iPhoneSimulator.Build.0 = Release|Any CPU
		{92998163-B0AA-4C0A-9531-833F1B8D10A8}.Debug|Any CPU.ActiveCfg = Debug|Any CPU
		{92998163-B0AA-4C0A-9531-833F1B8D10A8}.Debug|Any CPU.Build.0 = Debug|Any CPU
		{92998163-B0AA-4C0A-9531-833F1B8D10A8}.Debug|iPhone.ActiveCfg = Debug|Any CPU
		{92998163-B0AA-4C0A-9531-833F1B8D10A8}.Debug|iPhone.Build.0 = Debug|Any CPU
		{92998163-B0AA-4C0A-9531-833F1B8D10A8}.Debug|iPhoneSimulator.ActiveCfg = Debug|Any CPU
		{92998163-B0AA-4C0A-9531-833F1B8D10A8}.Debug|iPhoneSimulator.Build.0 = Debug|Any CPU
		{92998163-B0AA-4C0A-9531-833F1B8D10A8}.Release|Any CPU.ActiveCfg = Release|Any CPU
		{92998163-B0AA-4C0A-9531-833F1B8D10A8}.Release|Any CPU.Build.0 = Release|Any CPU
		{92998163-B0AA-4C0A-9531-833F1B8D10A8}.Release|iPhone.ActiveCfg = Release|Any CPU
		{92998163-B0AA-4C0A-9531-833F1B8D10A8}.Release|iPhone.Build.0 = Release|Any CPU
		{92998163-B0AA-4C0A-9531-833F1B8D10A8}.Release|iPhoneSimulator.ActiveCfg = Release|Any CPU
		{92998163-B0AA-4C0A-9531-833F1B8D10A8}.Release|iPhoneSimulator.Build.0 = Release|Any CPU
	EndGlobalSection
	GlobalSection(SolutionProperties) = preSolution
		HideSolutionNode = FALSE
	EndGlobalSection
	GlobalSection(ExtensibilityGlobals) = postSolution
		SolutionGuid = {30EF9AFC-E2EB-4A11-99C8-7539D225B4BC}
	EndGlobalSection
EndGlobal
