
Microsoft Visual Studio Solution File, Format Version 12.00
# Visual Studio 15
VisualStudioVersion = 15.0.28010.2036
MinimumVisualStudioVersion = 10.0.40219.1
Project("{FAE04EC0-301F-11D3-BF4B-00C04F79EFBC}") = "EShope.Android", "EShope\EShope.Android\EShope.Android.csproj", "{83D7DE80-A552-46CB-945C-F3D10AF2C5E5}"
EndProject
Project("{FAE04EC0-301F-11D3-BF4B-00C04F79EFBC}") = "EShope.iOS", "EShope\EShope.iOS\EShope.iOS.csproj", "{3238A0BA-43B5-4AD6-970F-8125B623FA05}"
EndProject
Project("{9A19103F-16F7-4668-BE54-9A1E7A4F7556}") = "EShope", "EShope\EShope\EShope.csproj", "{6865F333-3BF9-48BA-9C24-754038D12F66}"
EndProject
Project("{9A19103F-16F7-4668-BE54-9A1E7A4F7556}") = "EShop.API", "EShop.API\EShop.API.csproj", "{C5C3456B-9E2C-4B0D-8B54-ED0773729A75}"
EndProject
Project("{FAE04EC0-301F-11D3-BF4B-00C04F79EFBC}") = "EShope.AzureMobileAPI", "EShope.AzureMobileAPI\EShope.AzureMobileAPI.csproj", "{02E449E6-3AFC-4F81-A182-BF429E6B17F5}"
EndProject
Project("{FAE04EC0-301F-11D3-BF4B-00C04F79EFBC}") = "EShope.AzureAPI", "EShope.AzureAPI\EShope.AzureAPI.csproj", "{587358C6-8842-499D-8403-BD50D863D10F}"
EndProject
Project("{FAE04EC0-301F-11D3-BF4B-00C04F79EFBC}") = "EShope.AzureAPI.Tests", "EShope.AzureAPI.Tests\EShope.AzureAPI.Tests.csproj", "{6FDAC021-A6F6-48DD-B662-FF63F10225D0}"
EndProject
Project("{FAE04EC0-301F-11D3-BF4B-00C04F79EFBC}") = "EShope.API", "EShope.API\EShope.API.csproj", "{0355BFC0-EE3A-45CC-A209-CDE481509E81}"
EndProject
Project("{FAE04EC0-301F-11D3-BF4B-00C04F79EFBC}") = "EShope.API.Tests", "EShope.API.Tests\EShope.API.Tests.csproj", "{AA101B59-E855-4619-930F-197A3C629621}"
EndProject
Global
	GlobalSection(SolutionConfigurationPlatforms) = preSolution
		Ad-Hoc|Any CPU = Ad-Hoc|Any CPU
		Ad-Hoc|iPhone = Ad-Hoc|iPhone
		Ad-Hoc|iPhoneSimulator = Ad-Hoc|iPhoneSimulator
		AppStore|Any CPU = AppStore|Any CPU
		AppStore|iPhone = AppStore|iPhone
		AppStore|iPhoneSimulator = AppStore|iPhoneSimulator
		Debug|Any CPU = Debug|Any CPU
		Debug|iPhone = Debug|iPhone
		Debug|iPhoneSimulator = Debug|iPhoneSimulator
		Release|Any CPU = Release|Any CPU
		Release|iPhone = Release|iPhone
		Release|iPhoneSimulator = Release|iPhoneSimulator
	EndGlobalSection
	GlobalSection(ProjectConfigurationPlatforms) = postSolution
		{83D7DE80-A552-46CB-945C-F3D10AF2C5E5}.Ad-Hoc|Any CPU.ActiveCfg = Release|Any CPU
		{83D7DE80-A552-46CB-945C-F3D10AF2C5E5}.Ad-Hoc|Any CPU.Build.0 = Release|Any CPU
		{83D7DE80-A552-46CB-945C-F3D10AF2C5E5}.Ad-Hoc|Any CPU.Deploy.0 = Release|Any CPU
		{83D7DE80-A552-46CB-945C-F3D10AF2C5E5}.Ad-Hoc|iPhone.ActiveCfg = Release|Any CPU
		{83D7DE80-A552-46CB-945C-F3D10AF2C5E5}.Ad-Hoc|iPhone.Build.0 = Release|Any CPU
		{83D7DE80-A552-46CB-945C-F3D10AF2C5E5}.Ad-Hoc|iPhone.Deploy.0 = Release|Any CPU
		{83D7DE80-A552-46CB-945C-F3D10AF2C5E5}.Ad-Hoc|iPhoneSimulator.ActiveCfg = Release|Any CPU
		{83D7DE80-A552-46CB-945C-F3D10AF2C5E5}.Ad-Hoc|iPhoneSimulator.Build.0 = Release|Any CPU
		{83D7DE80-A552-46CB-945C-F3D10AF2C5E5}.Ad-Hoc|iPhoneSimulator.Deploy.0 = Release|Any CPU
		{83D7DE80-A552-46CB-945C-F3D10AF2C5E5}.AppStore|Any CPU.ActiveCfg = Release|Any CPU
		{83D7DE80-A552-46CB-945C-F3D10AF2C5E5}.AppStore|Any CPU.Build.0 = Release|Any CPU
		{83D7DE80-A552-46CB-945C-F3D10AF2C5E5}.AppStore|Any CPU.Deploy.0 = Release|Any CPU
		{83D7DE80-A552-46CB-945C-F3D10AF2C5E5}.AppStore|iPhone.ActiveCfg = Release|Any CPU
		{83D7DE80-A552-46CB-945C-F3D10AF2C5E5}.AppStore|iPhone.Build.0 = Release|Any CPU
		{83D7DE80-A552-46CB-945C-F3D10AF2C5E5}.AppStore|iPhone.Deploy.0 = Release|Any CPU
		{83D7DE80-A552-46CB-945C-F3D10AF2C5E5}.AppStore|iPhoneSimulator.ActiveCfg = Release|Any CPU
		{83D7DE80-A552-46CB-945C-F3D10AF2C5E5}.AppStore|iPhoneSimulator.Build.0 = Release|Any CPU
		{83D7DE80-A552-46CB-945C-F3D10AF2C5E5}.AppStore|iPhoneSimulator.Deploy.0 = Release|Any CPU
		{83D7DE80-A552-46CB-945C-F3D10AF2C5E5}.Debug|Any CPU.ActiveCfg = Debug|Any CPU
		{83D7DE80-A552-46CB-945C-F3D10AF2C5E5}.Debug|Any CPU.Build.0 = Debug|Any CPU
		{83D7DE80-A552-46CB-945C-F3D10AF2C5E5}.Debug|Any CPU.Deploy.0 = Debug|Any CPU
		{83D7DE80-A552-46CB-945C-F3D10AF2C5E5}.Debug|iPhone.ActiveCfg = Debug|Any CPU
		{83D7DE80-A552-46CB-945C-F3D10AF2C5E5}.Debug|iPhone.Build.0 = Debug|Any CPU
		{83D7DE80-A552-46CB-945C-F3D10AF2C5E5}.Debug|iPhone.Deploy.0 = Debug|Any CPU
		{83D7DE80-A552-46CB-945C-F3D10AF2C5E5}.Debug|iPhoneSimulator.ActiveCfg = Debug|Any CPU
		{83D7DE80-A552-46CB-945C-F3D10AF2C5E5}.Debug|iPhoneSimulator.Build.0 = Debug|Any CPU
		{83D7DE80-A552-46CB-945C-F3D10AF2C5E5}.Debug|iPhoneSimulator.Deploy.0 = Debug|Any CPU
		{83D7DE80-A552-46CB-945C-F3D10AF2C5E5}.Release|Any CPU.ActiveCfg = Release|Any CPU
		{83D7DE80-A552-46CB-945C-F3D10AF2C5E5}.Release|Any CPU.Build.0 = Release|Any CPU
		{83D7DE80-A552-46CB-945C-F3D10AF2C5E5}.Release|Any CPU.Deploy.0 = Release|Any CPU
		{83D7DE80-A552-46CB-945C-F3D10AF2C5E5}.Release|iPhone.ActiveCfg = Release|Any CPU
		{83D7DE80-A552-46CB-945C-F3D10AF2C5E5}.Release|iPhone.Build.0 = Release|Any CPU
		{83D7DE80-A552-46CB-945C-F3D10AF2C5E5}.Release|iPhone.Deploy.0 = Release|Any CPU
		{83D7DE80-A552-46CB-945C-F3D10AF2C5E5}.Release|iPhoneSimulator.ActiveCfg = Release|Any CPU
		{83D7DE80-A552-46CB-945C-F3D10AF2C5E5}.Release|iPhoneSimulator.Build.0 = Release|Any CPU
		{83D7DE80-A552-46CB-945C-F3D10AF2C5E5}.Release|iPhoneSimulator.Deploy.0 = Release|Any CPU
		{3238A0BA-43B5-4AD6-970F-8125B623FA05}.Ad-Hoc|Any CPU.ActiveCfg = Ad-Hoc|iPhone
		{3238A0BA-43B5-4AD6-970F-8125B623FA05}.Ad-Hoc|Any CPU.Build.0 = Ad-Hoc|iPhone
		{3238A0BA-43B5-4AD6-970F-8125B623FA05}.Ad-Hoc|Any CPU.Deploy.0 = Ad-Hoc|iPhone
		{3238A0BA-43B5-4AD6-970F-8125B623FA05}.Ad-Hoc|iPhone.ActiveCfg = Ad-Hoc|iPhone
		{3238A0BA-43B5-4AD6-970F-8125B623FA05}.Ad-Hoc|iPhone.Build.0 = Ad-Hoc|iPhone
		{3238A0BA-43B5-4AD6-970F-8125B623FA05}.Ad-Hoc|iPhone.Deploy.0 = Ad-Hoc|iPhone
		{3238A0BA-43B5-4AD6-970F-8125B623FA05}.Ad-Hoc|iPhoneSimulator.ActiveCfg = Ad-Hoc|iPhoneSimulator
		{3238A0BA-43B5-4AD6-970F-8125B623FA05}.Ad-Hoc|iPhoneSimulator.Build.0 = Ad-Hoc|iPhoneSimulator
		{3238A0BA-43B5-4AD6-970F-8125B623FA05}.Ad-Hoc|iPhoneSimulator.Deploy.0 = Ad-Hoc|iPhoneSimulator
		{3238A0BA-43B5-4AD6-970F-8125B623FA05}.AppStore|Any CPU.ActiveCfg = AppStore|iPhone
		{3238A0BA-43B5-4AD6-970F-8125B623FA05}.AppStore|Any CPU.Build.0 = AppStore|iPhone
		{3238A0BA-43B5-4AD6-970F-8125B623FA05}.AppStore|Any CPU.Deploy.0 = AppStore|iPhone
		{3238A0BA-43B5-4AD6-970F-8125B623FA05}.AppStore|iPhone.ActiveCfg = AppStore|iPhone
		{3238A0BA-43B5-4AD6-970F-8125B623FA05}.AppStore|iPhone.Build.0 = AppStore|iPhone
		{3238A0BA-43B5-4AD6-970F-8125B623FA05}.AppStore|iPhone.Deploy.0 = AppStore|iPhone
		{3238A0BA-43B5-4AD6-970F-8125B623FA05}.AppStore|iPhoneSimulator.ActiveCfg = AppStore|iPhoneSimulator
		{3238A0BA-43B5-4AD6-970F-8125B623FA05}.AppStore|iPhoneSimulator.Build.0 = AppStore|iPhoneSimulator
		{3238A0BA-43B5-4AD6-970F-8125B623FA05}.AppStore|iPhoneSimulator.Deploy.0 = AppStore|iPhoneSimulator
		{3238A0BA-43B5-4AD6-970F-8125B623FA05}.Debug|Any CPU.ActiveCfg = Debug|iPhoneSimulator
		{3238A0BA-43B5-4AD6-970F-8125B623FA05}.Debug|Any CPU.Build.0 = Debug|iPhoneSimulator
		{3238A0BA-43B5-4AD6-970F-8125B623FA05}.Debug|Any CPU.Deploy.0 = Debug|iPhoneSimulator
		{3238A0BA-43B5-4AD6-970F-8125B623FA05}.Debug|iPhone.ActiveCfg = Debug|iPhone
		{3238A0BA-43B5-4AD6-970F-8125B623FA05}.Debug|iPhone.Build.0 = Debug|iPhone
		{3238A0BA-43B5-4AD6-970F-8125B623FA05}.Debug|iPhone.Deploy.0 = Debug|iPhone
		{3238A0BA-43B5-4AD6-970F-8125B623FA05}.Debug|iPhoneSimulator.ActiveCfg = Debug|iPhoneSimulator
		{3238A0BA-43B5-4AD6-970F-8125B623FA05}.Debug|iPhoneSimulator.Build.0 = Debug|iPhoneSimulator
		{3238A0BA-43B5-4AD6-970F-8125B623FA05}.Debug|iPhoneSimulator.Deploy.0 = Debug|iPhoneSimulator
		{3238A0BA-43B5-4AD6-970F-8125B623FA05}.Release|Any CPU.ActiveCfg = Release|iPhone
		{3238A0BA-43B5-4AD6-970F-8125B623FA05}.Release|Any CPU.Build.0 = Release|iPhone
		{3238A0BA-43B5-4AD6-970F-8125B623FA05}.Release|Any CPU.Deploy.0 = Release|iPhone
		{3238A0BA-43B5-4AD6-970F-8125B623FA05}.Release|iPhone.ActiveCfg = Release|iPhone
		{3238A0BA-43B5-4AD6-970F-8125B623FA05}.Release|iPhone.Build.0 = Release|iPhone
		{3238A0BA-43B5-4AD6-970F-8125B623FA05}.Release|iPhone.Deploy.0 = Release|iPhone
		{3238A0BA-43B5-4AD6-970F-8125B623FA05}.Release|iPhoneSimulator.ActiveCfg = Release|iPhoneSimulator
		{3238A0BA-43B5-4AD6-970F-8125B623FA05}.Release|iPhoneSimulator.Build.0 = Release|iPhoneSimulator
		{3238A0BA-43B5-4AD6-970F-8125B623FA05}.Release|iPhoneSimulator.Deploy.0 = Release|iPhoneSimulator
		{6865F333-3BF9-48BA-9C24-754038D12F66}.Ad-Hoc|Any CPU.ActiveCfg = Debug|Any CPU
		{6865F333-3BF9-48BA-9C24-754038D12F66}.Ad-Hoc|Any CPU.Build.0 = Debug|Any CPU
		{6865F333-3BF9-48BA-9C24-754038D12F66}.Ad-Hoc|Any CPU.Deploy.0 = Debug|Any CPU
		{6865F333-3BF9-48BA-9C24-754038D12F66}.Ad-Hoc|iPhone.ActiveCfg = Debug|Any CPU
		{6865F333-3BF9-48BA-9C24-754038D12F66}.Ad-Hoc|iPhone.Build.0 = Debug|Any CPU
		{6865F333-3BF9-48BA-9C24-754038D12F66}.Ad-Hoc|iPhone.Deploy.0 = Debug|Any CPU
		{6865F333-3BF9-48BA-9C24-754038D12F66}.Ad-Hoc|iPhoneSimulator.ActiveCfg = Debug|Any CPU
		{6865F333-3BF9-48BA-9C24-754038D12F66}.Ad-Hoc|iPhoneSimulator.Build.0 = Debug|Any CPU
		{6865F333-3BF9-48BA-9C24-754038D12F66}.Ad-Hoc|iPhoneSimulator.Deploy.0 = Debug|Any CPU
		{6865F333-3BF9-48BA-9C24-754038D12F66}.AppStore|Any CPU.ActiveCfg = Debug|Any CPU
		{6865F333-3BF9-48BA-9C24-754038D12F66}.AppStore|Any CPU.Build.0 = Debug|Any CPU
		{6865F333-3BF9-48BA-9C24-754038D12F66}.AppStore|Any CPU.Deploy.0 = Debug|Any CPU
		{6865F333-3BF9-48BA-9C24-754038D12F66}.AppStore|iPhone.ActiveCfg = Debug|Any CPU
		{6865F333-3BF9-48BA-9C24-754038D12F66}.AppStore|iPhone.Build.0 = Debug|Any CPU
		{6865F333-3BF9-48BA-9C24-754038D12F66}.AppStore|iPhone.Deploy.0 = Debug|Any CPU
		{6865F333-3BF9-48BA-9C24-754038D12F66}.AppStore|iPhoneSimulator.ActiveCfg = Debug|Any CPU
		{6865F333-3BF9-48BA-9C24-754038D12F66}.AppStore|iPhoneSimulator.Build.0 = Debug|Any CPU
		{6865F333-3BF9-48BA-9C24-754038D12F66}.AppStore|iPhoneSimulator.Deploy.0 = Debug|Any CPU
		{6865F333-3BF9-48BA-9C24-754038D12F66}.Debug|Any CPU.ActiveCfg = Debug|Any CPU
		{6865F333-3BF9-48BA-9C24-754038D12F66}.Debug|Any CPU.Build.0 = Debug|Any CPU
		{6865F333-3BF9-48BA-9C24-754038D12F66}.Debug|Any CPU.Deploy.0 = Debug|Any CPU
		{6865F333-3BF9-48BA-9C24-754038D12F66}.Debug|iPhone.ActiveCfg = Debug|Any CPU
		{6865F333-3BF9-48BA-9C24-754038D12F66}.Debug|iPhone.Build.0 = Debug|Any CPU
		{6865F333-3BF9-48BA-9C24-754038D12F66}.Debug|iPhone.Deploy.0 = Debug|Any CPU
		{6865F333-3BF9-48BA-9C24-754038D12F66}.Debug|iPhoneSimulator.ActiveCfg = Debug|Any CPU
		{6865F333-3BF9-48BA-9C24-754038D12F66}.Debug|iPhoneSimulator.Build.0 = Debug|Any CPU
		{6865F333-3BF9-48BA-9C24-754038D12F66}.Debug|iPhoneSimulator.Deploy.0 = Debug|Any CPU
		{6865F333-3BF9-48BA-9C24-754038D12F66}.Release|Any CPU.ActiveCfg = Release|Any CPU
		{6865F333-3BF9-48BA-9C24-754038D12F66}.Release|Any CPU.Build.0 = Release|Any CPU
		{6865F333-3BF9-48BA-9C24-754038D12F66}.Release|Any CPU.Deploy.0 = Release|Any CPU
		{6865F333-3BF9-48BA-9C24-754038D12F66}.Release|iPhone.ActiveCfg = Release|Any CPU
		{6865F333-3BF9-48BA-9C24-754038D12F66}.Release|iPhone.Build.0 = Release|Any CPU
		{6865F333-3BF9-48BA-9C24-754038D12F66}.Release|iPhone.Deploy.0 = Release|Any CPU
		{6865F333-3BF9-48BA-9C24-754038D12F66}.Release|iPhoneSimulator.ActiveCfg = Release|Any CPU
		{6865F333-3BF9-48BA-9C24-754038D12F66}.Release|iPhoneSimulator.Build.0 = Release|Any CPU
		{6865F333-3BF9-48BA-9C24-754038D12F66}.Release|iPhoneSimulator.Deploy.0 = Release|Any CPU
		{C5C3456B-9E2C-4B0D-8B54-ED0773729A75}.Ad-Hoc|Any CPU.ActiveCfg = Debug|Any CPU
		{C5C3456B-9E2C-4B0D-8B54-ED0773729A75}.Ad-Hoc|Any CPU.Build.0 = Debug|Any CPU
		{C5C3456B-9E2C-4B0D-8B54-ED0773729A75}.Ad-Hoc|iPhone.ActiveCfg = Debug|Any CPU
		{C5C3456B-9E2C-4B0D-8B54-ED0773729A75}.Ad-Hoc|iPhone.Build.0 = Debug|Any CPU
		{C5C3456B-9E2C-4B0D-8B54-ED0773729A75}.Ad-Hoc|iPhoneSimulator.ActiveCfg = Debug|Any CPU
		{C5C3456B-9E2C-4B0D-8B54-ED0773729A75}.Ad-Hoc|iPhoneSimulator.Build.0 = Debug|Any CPU
		{C5C3456B-9E2C-4B0D-8B54-ED0773729A75}.AppStore|Any CPU.ActiveCfg = Debug|Any CPU
		{C5C3456B-9E2C-4B0D-8B54-ED0773729A75}.AppStore|Any CPU.Build.0 = Debug|Any CPU
		{C5C3456B-9E2C-4B0D-8B54-ED0773729A75}.AppStore|iPhone.ActiveCfg = Debug|Any CPU
		{C5C3456B-9E2C-4B0D-8B54-ED0773729A75}.AppStore|iPhone.Build.0 = Debug|Any CPU
		{C5C3456B-9E2C-4B0D-8B54-ED0773729A75}.AppStore|iPhoneSimulator.ActiveCfg = Debug|Any CPU
		{C5C3456B-9E2C-4B0D-8B54-ED0773729A75}.AppStore|iPhoneSimulator.Build.0 = Debug|Any CPU
		{C5C3456B-9E2C-4B0D-8B54-ED0773729A75}.Debug|Any CPU.ActiveCfg = Debug|Any CPU
		{C5C3456B-9E2C-4B0D-8B54-ED0773729A75}.Debug|Any CPU.Build.0 = Debug|Any CPU
		{C5C3456B-9E2C-4B0D-8B54-ED0773729A75}.Debug|iPhone.ActiveCfg = Debug|Any CPU
		{C5C3456B-9E2C-4B0D-8B54-ED0773729A75}.Debug|iPhone.Build.0 = Debug|Any CPU
		{C5C3456B-9E2C-4B0D-8B54-ED0773729A75}.Debug|iPhoneSimulator.ActiveCfg = Debug|Any CPU
		{C5C3456B-9E2C-4B0D-8B54-ED0773729A75}.Debug|iPhoneSimulator.Build.0 = Debug|Any CPU
		{C5C3456B-9E2C-4B0D-8B54-ED0773729A75}.Release|Any CPU.ActiveCfg = Release|Any CPU
		{C5C3456B-9E2C-4B0D-8B54-ED0773729A75}.Release|Any CPU.Build.0 = Release|Any CPU
		{C5C3456B-9E2C-4B0D-8B54-ED0773729A75}.Release|iPhone.ActiveCfg = Release|Any CPU
		{C5C3456B-9E2C-4B0D-8B54-ED0773729A75}.Release|iPhone.Build.0 = Release|Any CPU
		{C5C3456B-9E2C-4B0D-8B54-ED0773729A75}.Release|iPhoneSimulator.ActiveCfg = Release|Any CPU
		{C5C3456B-9E2C-4B0D-8B54-ED0773729A75}.Release|iPhoneSimulator.Build.0 = Release|Any CPU
		{02E449E6-3AFC-4F81-A182-BF429E6B17F5}.Ad-Hoc|Any CPU.ActiveCfg = Release|Any CPU
		{02E449E6-3AFC-4F81-A182-BF429E6B17F5}.Ad-Hoc|Any CPU.Build.0 = Release|Any CPU
		{02E449E6-3AFC-4F81-A182-BF429E6B17F5}.Ad-Hoc|iPhone.ActiveCfg = Release|Any CPU
		{02E449E6-3AFC-4F81-A182-BF429E6B17F5}.Ad-Hoc|iPhone.Build.0 = Release|Any CPU
		{02E449E6-3AFC-4F81-A182-BF429E6B17F5}.Ad-Hoc|iPhoneSimulator.ActiveCfg = Release|Any CPU
		{02E449E6-3AFC-4F81-A182-BF429E6B17F5}.Ad-Hoc|iPhoneSimulator.Build.0 = Release|Any CPU
		{02E449E6-3AFC-4F81-A182-BF429E6B17F5}.AppStore|Any CPU.ActiveCfg = Release|Any CPU
		{02E449E6-3AFC-4F81-A182-BF429E6B17F5}.AppStore|Any CPU.Build.0 = Release|Any CPU
		{02E449E6-3AFC-4F81-A182-BF429E6B17F5}.AppStore|iPhone.ActiveCfg = Release|Any CPU
		{02E449E6-3AFC-4F81-A182-BF429E6B17F5}.AppStore|iPhone.Build.0 = Release|Any CPU
		{02E449E6-3AFC-4F81-A182-BF429E6B17F5}.AppStore|iPhoneSimulator.ActiveCfg = Release|Any CPU
		{02E449E6-3AFC-4F81-A182-BF429E6B17F5}.AppStore|iPhoneSimulator.Build.0 = Release|Any CPU
		{02E449E6-3AFC-4F81-A182-BF429E6B17F5}.Debug|Any CPU.ActiveCfg = Debug|Any CPU
		{02E449E6-3AFC-4F81-A182-BF429E6B17F5}.Debug|Any CPU.Build.0 = Debug|Any CPU
		{02E449E6-3AFC-4F81-A182-BF429E6B17F5}.Debug|iPhone.ActiveCfg = Debug|Any CPU
		{02E449E6-3AFC-4F81-A182-BF429E6B17F5}.Debug|iPhone.Build.0 = Debug|Any CPU
		{02E449E6-3AFC-4F81-A182-BF429E6B17F5}.Debug|iPhoneSimulator.ActiveCfg = Debug|Any CPU
		{02E449E6-3AFC-4F81-A182-BF429E6B17F5}.Debug|iPhoneSimulator.Build.0 = Debug|Any CPU
		{02E449E6-3AFC-4F81-A182-BF429E6B17F5}.Release|Any CPU.ActiveCfg = Release|Any CPU
		{02E449E6-3AFC-4F81-A182-BF429E6B17F5}.Release|Any CPU.Build.0 = Release|Any CPU
		{02E449E6-3AFC-4F81-A182-BF429E6B17F5}.Release|iPhone.ActiveCfg = Release|Any CPU
		{02E449E6-3AFC-4F81-A182-BF429E6B17F5}.Release|iPhone.Build.0 = Release|Any CPU
		{02E449E6-3AFC-4F81-A182-BF429E6B17F5}.Release|iPhoneSimulator.ActiveCfg = Release|Any CPU
		{02E449E6-3AFC-4F81-A182-BF429E6B17F5}.Release|iPhoneSimulator.Build.0 = Release|Any CPU
		{587358C6-8842-499D-8403-BD50D863D10F}.Ad-Hoc|Any CPU.ActiveCfg = Release|Any CPU
		{587358C6-8842-499D-8403-BD50D863D10F}.Ad-Hoc|Any CPU.Build.0 = Release|Any CPU
		{587358C6-8842-499D-8403-BD50D863D10F}.Ad-Hoc|iPhone.ActiveCfg = Release|Any CPU
		{587358C6-8842-499D-8403-BD50D863D10F}.Ad-Hoc|iPhone.Build.0 = Release|Any CPU
		{587358C6-8842-499D-8403-BD50D863D10F}.Ad-Hoc|iPhoneSimulator.ActiveCfg = Release|Any CPU
		{587358C6-8842-499D-8403-BD50D863D10F}.Ad-Hoc|iPhoneSimulator.Build.0 = Release|Any CPU
		{587358C6-8842-499D-8403-BD50D863D10F}.AppStore|Any CPU.ActiveCfg = Release|Any CPU
		{587358C6-8842-499D-8403-BD50D863D10F}.AppStore|Any CPU.Build.0 = Release|Any CPU
		{587358C6-8842-499D-8403-BD50D863D10F}.AppStore|iPhone.ActiveCfg = Release|Any CPU
		{587358C6-8842-499D-8403-BD50D863D10F}.AppStore|iPhone.Build.0 = Release|Any CPU
		{587358C6-8842-499D-8403-BD50D863D10F}.AppStore|iPhoneSimulator.ActiveCfg = Release|Any CPU
		{587358C6-8842-499D-8403-BD50D863D10F}.AppStore|iPhoneSimulator.Build.0 = Release|Any CPU
		{587358C6-8842-499D-8403-BD50D863D10F}.Debug|Any CPU.ActiveCfg = Debug|Any CPU
		{587358C6-8842-499D-8403-BD50D863D10F}.Debug|Any CPU.Build.0 = Debug|Any CPU
		{587358C6-8842-499D-8403-BD50D863D10F}.Debug|iPhone.ActiveCfg = Debug|Any CPU
		{587358C6-8842-499D-8403-BD50D863D10F}.Debug|iPhone.Build.0 = Debug|Any CPU
		{587358C6-8842-499D-8403-BD50D863D10F}.Debug|iPhoneSimulator.ActiveCfg = Debug|Any CPU
		{587358C6-8842-499D-8403-BD50D863D10F}.Debug|iPhoneSimulator.Build.0 = Debug|Any CPU
		{587358C6-8842-499D-8403-BD50D863D10F}.Release|Any CPU.ActiveCfg = Release|Any CPU
		{587358C6-8842-499D-8403-BD50D863D10F}.Release|Any CPU.Build.0 = Release|Any CPU
		{587358C6-8842-499D-8403-BD50D863D10F}.Release|iPhone.ActiveCfg = Release|Any CPU
		{587358C6-8842-499D-8403-BD50D863D10F}.Release|iPhone.Build.0 = Release|Any CPU
		{587358C6-8842-499D-8403-BD50D863D10F}.Release|iPhoneSimulator.ActiveCfg = Release|Any CPU
		{587358C6-8842-499D-8403-BD50D863D10F}.Release|iPhoneSimulator.Build.0 = Release|Any CPU
		{6FDAC021-A6F6-48DD-B662-FF63F10225D0}.Ad-Hoc|Any CPU.ActiveCfg = Release|Any CPU
		{6FDAC021-A6F6-48DD-B662-FF63F10225D0}.Ad-Hoc|Any CPU.Build.0 = Release|Any CPU
		{6FDAC021-A6F6-48DD-B662-FF63F10225D0}.Ad-Hoc|iPhone.ActiveCfg = Release|Any CPU
		{6FDAC021-A6F6-48DD-B662-FF63F10225D0}.Ad-Hoc|iPhone.Build.0 = Release|Any CPU
		{6FDAC021-A6F6-48DD-B662-FF63F10225D0}.Ad-Hoc|iPhoneSimulator.ActiveCfg = Release|Any CPU
		{6FDAC021-A6F6-48DD-B662-FF63F10225D0}.Ad-Hoc|iPhoneSimulator.Build.0 = Release|Any CPU
		{6FDAC021-A6F6-48DD-B662-FF63F10225D0}.AppStore|Any CPU.ActiveCfg = Release|Any CPU
		{6FDAC021-A6F6-48DD-B662-FF63F10225D0}.AppStore|Any CPU.Build.0 = Release|Any CPU
		{6FDAC021-A6F6-48DD-B662-FF63F10225D0}.AppStore|iPhone.ActiveCfg = Release|Any CPU
		{6FDAC021-A6F6-48DD-B662-FF63F10225D0}.AppStore|iPhone.Build.0 = Release|Any CPU
		{6FDAC021-A6F6-48DD-B662-FF63F10225D0}.AppStore|iPhoneSimulator.ActiveCfg = Release|Any CPU
		{6FDAC021-A6F6-48DD-B662-FF63F10225D0}.AppStore|iPhoneSimulator.Build.0 = Release|Any CPU
		{6FDAC021-A6F6-48DD-B662-FF63F10225D0}.Debug|Any CPU.ActiveCfg = Debug|Any CPU
		{6FDAC021-A6F6-48DD-B662-FF63F10225D0}.Debug|Any CPU.Build.0 = Debug|Any CPU
		{6FDAC021-A6F6-48DD-B662-FF63F10225D0}.Debug|iPhone.ActiveCfg = Debug|Any CPU
		{6FDAC021-A6F6-48DD-B662-FF63F10225D0}.Debug|iPhone.Build.0 = Debug|Any CPU
		{6FDAC021-A6F6-48DD-B662-FF63F10225D0}.Debug|iPhoneSimulator.ActiveCfg = Debug|Any CPU
		{6FDAC021-A6F6-48DD-B662-FF63F10225D0}.Debug|iPhoneSimulator.Build.0 = Debug|Any CPU
		{6FDAC021-A6F6-48DD-B662-FF63F10225D0}.Release|Any CPU.ActiveCfg = Release|Any CPU
		{6FDAC021-A6F6-48DD-B662-FF63F10225D0}.Release|Any CPU.Build.0 = Release|Any CPU
		{6FDAC021-A6F6-48DD-B662-FF63F10225D0}.Release|iPhone.ActiveCfg = Release|Any CPU
		{6FDAC021-A6F6-48DD-B662-FF63F10225D0}.Release|iPhone.Build.0 = Release|Any CPU
		{6FDAC021-A6F6-48DD-B662-FF63F10225D0}.Release|iPhoneSimulator.ActiveCfg = Release|Any CPU
		{6FDAC021-A6F6-48DD-B662-FF63F10225D0}.Release|iPhoneSimulator.Build.0 = Release|Any CPU
		{0355BFC0-EE3A-45CC-A209-CDE481509E81}.Ad-Hoc|Any CPU.ActiveCfg = Release|Any CPU
		{0355BFC0-EE3A-45CC-A209-CDE481509E81}.Ad-Hoc|Any CPU.Build.0 = Release|Any CPU
		{0355BFC0-EE3A-45CC-A209-CDE481509E81}.Ad-Hoc|iPhone.ActiveCfg = Release|Any CPU
		{0355BFC0-EE3A-45CC-A209-CDE481509E81}.Ad-Hoc|iPhone.Build.0 = Release|Any CPU
		{0355BFC0-EE3A-45CC-A209-CDE481509E81}.Ad-Hoc|iPhoneSimulator.ActiveCfg = Release|Any CPU
		{0355BFC0-EE3A-45CC-A209-CDE481509E81}.Ad-Hoc|iPhoneSimulator.Build.0 = Release|Any CPU
		{0355BFC0-EE3A-45CC-A209-CDE481509E81}.AppStore|Any CPU.ActiveCfg = Release|Any CPU
		{0355BFC0-EE3A-45CC-A209-CDE481509E81}.AppStore|Any CPU.Build.0 = Release|Any CPU
		{0355BFC0-EE3A-45CC-A209-CDE481509E81}.AppStore|iPhone.ActiveCfg = Release|Any CPU
		{0355BFC0-EE3A-45CC-A209-CDE481509E81}.AppStore|iPhone.Build.0 = Release|Any CPU
		{0355BFC0-EE3A-45CC-A209-CDE481509E81}.AppStore|iPhoneSimulator.ActiveCfg = Release|Any CPU
		{0355BFC0-EE3A-45CC-A209-CDE481509E81}.AppStore|iPhoneSimulator.Build.0 = Release|Any CPU
		{0355BFC0-EE3A-45CC-A209-CDE481509E81}.Debug|Any CPU.ActiveCfg = Debug|Any CPU
		{0355BFC0-EE3A-45CC-A209-CDE481509E81}.Debug|Any CPU.Build.0 = Debug|Any CPU
		{0355BFC0-EE3A-45CC-A209-CDE481509E81}.Debug|iPhone.ActiveCfg = Debug|Any CPU
		{0355BFC0-EE3A-45CC-A209-CDE481509E81}.Debug|iPhone.Build.0 = Debug|Any CPU
		{0355BFC0-EE3A-45CC-A209-CDE481509E81}.Debug|iPhoneSimulator.ActiveCfg = Debug|Any CPU
		{0355BFC0-EE3A-45CC-A209-CDE481509E81}.Debug|iPhoneSimulator.Build.0 = Debug|Any CPU
		{0355BFC0-EE3A-45CC-A209-CDE481509E81}.Release|Any CPU.ActiveCfg = Release|Any CPU
		{0355BFC0-EE3A-45CC-A209-CDE481509E81}.Release|Any CPU.Build.0 = Release|Any CPU
		{0355BFC0-EE3A-45CC-A209-CDE481509E81}.Release|iPhone.ActiveCfg = Release|Any CPU
		{0355BFC0-EE3A-45CC-A209-CDE481509E81}.Release|iPhone.Build.0 = Release|Any CPU
		{0355BFC0-EE3A-45CC-A209-CDE481509E81}.Release|iPhoneSimulator.ActiveCfg = Release|Any CPU
		{0355BFC0-EE3A-45CC-A209-CDE481509E81}.Release|iPhoneSimulator.Build.0 = Release|Any CPU
		{AA101B59-E855-4619-930F-197A3C629621}.Ad-Hoc|Any CPU.ActiveCfg = Release|Any CPU
		{AA101B59-E855-4619-930F-197A3C629621}.Ad-Hoc|Any CPU.Build.0 = Release|Any CPU
		{AA101B59-E855-4619-930F-197A3C629621}.Ad-Hoc|iPhone.ActiveCfg = Release|Any CPU
		{AA101B59-E855-4619-930F-197A3C629621}.Ad-Hoc|iPhone.Build.0 = Release|Any CPU
		{AA101B59-E855-4619-930F-197A3C629621}.Ad-Hoc|iPhoneSimulator.ActiveCfg = Release|Any CPU
		{AA101B59-E855-4619-930F-197A3C629621}.Ad-Hoc|iPhoneSimulator.Build.0 = Release|Any CPU
		{AA101B59-E855-4619-930F-197A3C629621}.AppStore|Any CPU.ActiveCfg = Release|Any CPU
		{AA101B59-E855-4619-930F-197A3C629621}.AppStore|Any CPU.Build.0 = Release|Any CPU
		{AA101B59-E855-4619-930F-197A3C629621}.AppStore|iPhone.ActiveCfg = Release|Any CPU
		{AA101B59-E855-4619-930F-197A3C629621}.AppStore|iPhone.Build.0 = Release|Any CPU
		{AA101B59-E855-4619-930F-197A3C629621}.AppStore|iPhoneSimulator.ActiveCfg = Release|Any CPU
		{AA101B59-E855-4619-930F-197A3C629621}.AppStore|iPhoneSimulator.Build.0 = Release|Any CPU
		{AA101B59-E855-4619-930F-197A3C629621}.Debug|Any CPU.ActiveCfg = Debug|Any CPU
		{AA101B59-E855-4619-930F-197A3C629621}.Debug|Any CPU.Build.0 = Debug|Any CPU
		{AA101B59-E855-4619-930F-197A3C629621}.Debug|iPhone.ActiveCfg = Debug|Any CPU
		{AA101B59-E855-4619-930F-197A3C629621}.Debug|iPhone.Build.0 = Debug|Any CPU
		{AA101B59-E855-4619-930F-197A3C629621}.Debug|iPhoneSimulator.ActiveCfg = Debug|Any CPU
		{AA101B59-E855-4619-930F-197A3C629621}.Debug|iPhoneSimulator.Build.0 = Debug|Any CPU
		{AA101B59-E855-4619-930F-197A3C629621}.Release|Any CPU.ActiveCfg = Release|Any CPU
		{AA101B59-E855-4619-930F-197A3C629621}.Release|Any CPU.Build.0 = Release|Any CPU
		{AA101B59-E855-4619-930F-197A3C629621}.Release|iPhone.ActiveCfg = Release|Any CPU
		{AA101B59-E855-4619-930F-197A3C629621}.Release|iPhone.Build.0 = Release|Any CPU
		{AA101B59-E855-4619-930F-197A3C629621}.Release|iPhoneSimulator.ActiveCfg = Release|Any CPU
		{AA101B59-E855-4619-930F-197A3C629621}.Release|iPhoneSimulator.Build.0 = Release|Any CPU
	EndGlobalSection
	GlobalSection(SolutionProperties) = preSolution
		HideSolutionNode = FALSE
	EndGlobalSection
	GlobalSection(ExtensibilityGlobals) = postSolution
		SolutionGuid = {30EF9AFC-E2EB-4A11-99C8-7539D225B4BC}
	EndGlobalSection
EndGlobal
